// !$*UTF8*$!
{
	archiveVersion = 1;
	classes = {
	};
	objectVersion = 46;
	objects = {

/* Begin PBXBuildFile section */
		504D0ACC1DD8AADB001725AC /* main.m in Sources */ = {isa = PBXBuildFile; fileRef = 504D0ACB1DD8AADB001725AC /* main.m */; };
		504D0ACF1DD8AADB001725AC /* AppDelegate.m in Sources */ = {isa = PBXBuildFile; fileRef = 504D0ACE1DD8AADB001725AC /* AppDelegate.m */; };
		504D0AD71DD8AADB001725AC /* Assets.xcassets in Resources */ = {isa = PBXBuildFile; fileRef = 504D0AD61DD8AADB001725AC /* Assets.xcassets */; };
		504D0ADA1DD8AADB001725AC /* LaunchScreen.storyboard in Resources */ = {isa = PBXBuildFile; fileRef = 504D0AD81DD8AADB001725AC /* LaunchScreen.storyboard */; };
		504D0B101DD8AC4C001725AC /* FFVideoChooseViewController.m in Sources */ = {isa = PBXBuildFile; fileRef = 504D0B0E1DD8AC4C001725AC /* FFVideoChooseViewController.m */; };
		504D0B111DD8AC4C001725AC /* FFVideoChooseViewController.xib in Resources */ = {isa = PBXBuildFile; fileRef = 504D0B0F1DD8AC4C001725AC /* FFVideoChooseViewController.xib */; };
		504D0B151DD8AC5F001725AC /* FFVideoClipViewController.m in Sources */ = {isa = PBXBuildFile; fileRef = 504D0B131DD8AC5F001725AC /* FFVideoClipViewController.m */; };
		504D0B161DD8AC5F001725AC /* FFVideoClipViewController.xib in Resources */ = {isa = PBXBuildFile; fileRef = 504D0B141DD8AC5F001725AC /* FFVideoClipViewController.xib */; };
		504D0B1A1DD8AC7D001725AC /* FFVideoSaveViewController.m in Sources */ = {isa = PBXBuildFile; fileRef = 504D0B181DD8AC7D001725AC /* FFVideoSaveViewController.m */; };
		504D0B1B1DD8AC7D001725AC /* FFVideoSaveViewController.xib in Resources */ = {isa = PBXBuildFile; fileRef = 504D0B191DD8AC7D001725AC /* FFVideoSaveViewController.xib */; };
		504D0B1F1DD8AC97001725AC /* FFVideoSizeHandleViewController.m in Sources */ = {isa = PBXBuildFile; fileRef = 504D0B1D1DD8AC97001725AC /* FFVideoSizeHandleViewController.m */; };
		504D0B201DD8AC97001725AC /* FFVideoSizeHandleViewController.xib in Resources */ = {isa = PBXBuildFile; fileRef = 504D0B1E1DD8AC97001725AC /* FFVideoSizeHandleViewController.xib */; };
		5087047F1DD8B721002F8BEA /* FFNavItem.m in Sources */ = {isa = PBXBuildFile; fileRef = 5087047E1DD8B721002F8BEA /* FFNavItem.m */; };
		508704881DD9AC53002F8BEA /* UIColor+Category.m in Sources */ = {isa = PBXBuildFile; fileRef = 508704871DD9AC53002F8BEA /* UIColor+Category.m */; };
		5087048E1DD9EC00002F8BEA /* AssetsLibrary.framework in Frameworks */ = {isa = PBXBuildFile; fileRef = 5087048D1DD9EC00002F8BEA /* AssetsLibrary.framework */; };
		508704B01DD9F1B6002F8BEA /* LSYAlbum.m in Sources */ = {isa = PBXBuildFile; fileRef = 508704961DD9F1B6002F8BEA /* LSYAlbum.m */; };
		508704B11DD9F1B6002F8BEA /* LSYAlbumModel.m in Sources */ = {isa = PBXBuildFile; fileRef = 508704981DD9F1B6002F8BEA /* LSYAlbumModel.m */; };
		508704B21DD9F1B6002F8BEA /* LSYDelegateDataSource.m in Sources */ = {isa = PBXBuildFile; fileRef = 5087049A1DD9F1B6002F8BEA /* LSYDelegateDataSource.m */; };
		508704B31DD9F1B6002F8BEA /* LSYAlbumCatalogCell.m in Sources */ = {isa = PBXBuildFile; fileRef = 5087049E1DD9F1B6002F8BEA /* LSYAlbumCatalogCell.m */; };
		508704B41DD9F1B6002F8BEA /* LSYAlbumCell.m in Sources */ = {isa = PBXBuildFile; fileRef = 508704A01DD9F1B6002F8BEA /* LSYAlbumCell.m */; };
		508704B51DD9F1B6002F8BEA /* LSYAssetPreviewItem.m in Sources */ = {isa = PBXBuildFile; fileRef = 508704A21DD9F1B6002F8BEA /* LSYAssetPreviewItem.m */; };
		508704B61DD9F1B6002F8BEA /* LSYAssetPreviewView.m in Sources */ = {isa = PBXBuildFile; fileRef = 508704A41DD9F1B6002F8BEA /* LSYAssetPreviewView.m */; };
		508704B71DD9F1B6002F8BEA /* LSYPickerButtomView.m in Sources */ = {isa = PBXBuildFile; fileRef = 508704A61DD9F1B6002F8BEA /* LSYPickerButtomView.m */; };
		508704B81DD9F1B6002F8BEA /* LSYAlbumCatalog.m in Sources */ = {isa = PBXBuildFile; fileRef = 508704A91DD9F1B6002F8BEA /* LSYAlbumCatalog.m */; };
		508704B91DD9F1B6002F8BEA /* LSYAlbumPicker.m in Sources */ = {isa = PBXBuildFile; fileRef = 508704AB1DD9F1B6002F8BEA /* LSYAlbumPicker.m */; };
		508704BA1DD9F1B6002F8BEA /* LSYAssetPreview.m in Sources */ = {isa = PBXBuildFile; fileRef = 508704AD1DD9F1B6002F8BEA /* LSYAssetPreview.m */; };
		508704BB1DD9F1B6002F8BEA /* LSYNavigationController.m in Sources */ = {isa = PBXBuildFile; fileRef = 508704AF1DD9F1B6002F8BEA /* LSYNavigationController.m */; };
		508704BD1DD9F417002F8BEA /* AlbumPicker.bundle in Resources */ = {isa = PBXBuildFile; fileRef = 508704BC1DD9F417002F8BEA /* AlbumPicker.bundle */; };
/* End PBXBuildFile section */

/* Begin PBXContainerItemProxy section */
		504D0AE11DD8AADB001725AC /* PBXContainerItemProxy */ = {
			isa = PBXContainerItemProxy;
			containerPortal = 504D0ABF1DD8AADB001725AC /* Project object */;
			proxyType = 1;
			remoteGlobalIDString = 504D0AC61DD8AADB001725AC;
			remoteInfo = FFVideoClipMaster;
		};
		504D0AEC1DD8AADB001725AC /* PBXContainerItemProxy */ = {
			isa = PBXContainerItemProxy;
			containerPortal = 504D0ABF1DD8AADB001725AC /* Project object */;
			proxyType = 1;
			remoteGlobalIDString = 504D0AC61DD8AADB001725AC;
			remoteInfo = FFVideoClipMaster;
		};
/* End PBXContainerItemProxy section */

/* Begin PBXFileReference section */
		504D0AC71DD8AADB001725AC /* FFVideoClipMaster.app */ = {isa = PBXFileReference; explicitFileType = wrapper.application; includeInIndex = 0; path = FFVideoClipMaster.app; sourceTree = BUILT_PRODUCTS_DIR; };
		504D0ACB1DD8AADB001725AC /* main.m */ = {isa = PBXFileReference; lastKnownFileType = sourcecode.c.objc; path = main.m; sourceTree = "<group>"; };
		504D0ACD1DD8AADB001725AC /* AppDelegate.h */ = {isa = PBXFileReference; lastKnownFileType = sourcecode.c.h; path = AppDelegate.h; sourceTree = "<group>"; };
		504D0ACE1DD8AADB001725AC /* AppDelegate.m */ = {isa = PBXFileReference; lastKnownFileType = sourcecode.c.objc; path = AppDelegate.m; sourceTree = "<group>"; };
		504D0AD61DD8AADB001725AC /* Assets.xcassets */ = {isa = PBXFileReference; lastKnownFileType = folder.assetcatalog; path = Assets.xcassets; sourceTree = "<group>"; };
		504D0AD91DD8AADB001725AC /* Base */ = {isa = PBXFileReference; lastKnownFileType = file.storyboard; name = Base; path = Base.lproj/LaunchScreen.storyboard; sourceTree = "<group>"; };
		504D0ADB1DD8AADB001725AC /* Info.plist */ = {isa = PBXFileReference; lastKnownFileType = text.plist.xml; path = Info.plist; sourceTree = "<group>"; };
		504D0AE01DD8AADB001725AC /* FFVideoClipMasterTests.xctest */ = {isa = PBXFileReference; explicitFileType = wrapper.cfbundle; includeInIndex = 0; path = FFVideoClipMasterTests.xctest; sourceTree = BUILT_PRODUCTS_DIR; };
		504D0AEB1DD8AADB001725AC /* FFVideoClipMasterUITests.xctest */ = {isa = PBXFileReference; explicitFileType = wrapper.cfbundle; includeInIndex = 0; path = FFVideoClipMasterUITests.xctest; sourceTree = BUILT_PRODUCTS_DIR; };
		504D0B0D1DD8AC4C001725AC /* FFVideoChooseViewController.h */ = {isa = PBXFileReference; fileEncoding = 4; lastKnownFileType = sourcecode.c.h; path = FFVideoChooseViewController.h; sourceTree = "<group>"; };
		504D0B0E1DD8AC4C001725AC /* FFVideoChooseViewController.m */ = {isa = PBXFileReference; fileEncoding = 4; lastKnownFileType = sourcecode.c.objc; path = FFVideoChooseViewController.m; sourceTree = "<group>"; };
		504D0B0F1DD8AC4C001725AC /* FFVideoChooseViewController.xib */ = {isa = PBXFileReference; fileEncoding = 4; lastKnownFileType = file.xib; path = FFVideoChooseViewController.xib; sourceTree = "<group>"; };
		504D0B121DD8AC5F001725AC /* FFVideoClipViewController.h */ = {isa = PBXFileReference; fileEncoding = 4; lastKnownFileType = sourcecode.c.h; path = FFVideoClipViewController.h; sourceTree = "<group>"; };
		504D0B131DD8AC5F001725AC /* FFVideoClipViewController.m */ = {isa = PBXFileReference; fileEncoding = 4; lastKnownFileType = sourcecode.c.objc; path = FFVideoClipViewController.m; sourceTree = "<group>"; };
		504D0B141DD8AC5F001725AC /* FFVideoClipViewController.xib */ = {isa = PBXFileReference; fileEncoding = 4; lastKnownFileType = file.xib; path = FFVideoClipViewController.xib; sourceTree = "<group>"; };
		504D0B171DD8AC7D001725AC /* FFVideoSaveViewController.h */ = {isa = PBXFileReference; fileEncoding = 4; lastKnownFileType = sourcecode.c.h; path = FFVideoSaveViewController.h; sourceTree = "<group>"; };
		504D0B181DD8AC7D001725AC /* FFVideoSaveViewController.m */ = {isa = PBXFileReference; fileEncoding = 4; lastKnownFileType = sourcecode.c.objc; path = FFVideoSaveViewController.m; sourceTree = "<group>"; };
		504D0B191DD8AC7D001725AC /* FFVideoSaveViewController.xib */ = {isa = PBXFileReference; fileEncoding = 4; lastKnownFileType = file.xib; path = FFVideoSaveViewController.xib; sourceTree = "<group>"; };
		504D0B1C1DD8AC97001725AC /* FFVideoSizeHandleViewController.h */ = {isa = PBXFileReference; fileEncoding = 4; lastKnownFileType = sourcecode.c.h; path = FFVideoSizeHandleViewController.h; sourceTree = "<group>"; };
		504D0B1D1DD8AC97001725AC /* FFVideoSizeHandleViewController.m */ = {isa = PBXFileReference; fileEncoding = 4; lastKnownFileType = sourcecode.c.objc; path = FFVideoSizeHandleViewController.m; sourceTree = "<group>"; };
		504D0B1E1DD8AC97001725AC /* FFVideoSizeHandleViewController.xib */ = {isa = PBXFileReference; fileEncoding = 4; lastKnownFileType = file.xib; path = FFVideoSizeHandleViewController.xib; sourceTree = "<group>"; };
		5087047D1DD8B721002F8BEA /* FFNavItem.h */ = {isa = PBXFileReference; fileEncoding = 4; lastKnownFileType = sourcecode.c.h; path = FFNavItem.h; sourceTree = "<group>"; };
		5087047E1DD8B721002F8BEA /* FFNavItem.m */ = {isa = PBXFileReference; fileEncoding = 4; lastKnownFileType = sourcecode.c.objc; path = FFNavItem.m; sourceTree = "<group>"; };
		508704811DD8B7EF002F8BEA /* FFVideoClipMasterPCH.h */ = {isa = PBXFileReference; lastKnownFileType = sourcecode.c.h; path = FFVideoClipMasterPCH.h; sourceTree = "<group>"; };
		508704861DD9AC53002F8BEA /* UIColor+Category.h */ = {isa = PBXFileReference; fileEncoding = 4; lastKnownFileType = sourcecode.c.h; path = "UIColor+Category.h"; sourceTree = "<group>"; };
		508704871DD9AC53002F8BEA /* UIColor+Category.m */ = {isa = PBXFileReference; fileEncoding = 4; lastKnownFileType = sourcecode.c.objc; path = "UIColor+Category.m"; sourceTree = "<group>"; };
		5087048D1DD9EC00002F8BEA /* AssetsLibrary.framework */ = {isa = PBXFileReference; lastKnownFileType = wrapper.framework; name = AssetsLibrary.framework; path = System/Library/Frameworks/AssetsLibrary.framework; sourceTree = SDKROOT; };
		508704951DD9F1B6002F8BEA /* LSYAlbum.h */ = {isa = PBXFileReference; fileEncoding = 4; lastKnownFileType = sourcecode.c.h; path = LSYAlbum.h; sourceTree = "<group>"; };
		508704961DD9F1B6002F8BEA /* LSYAlbum.m */ = {isa = PBXFileReference; fileEncoding = 4; lastKnownFileType = sourcecode.c.objc; path = LSYAlbum.m; sourceTree = "<group>"; };
		508704971DD9F1B6002F8BEA /* LSYAlbumModel.h */ = {isa = PBXFileReference; fileEncoding = 4; lastKnownFileType = sourcecode.c.h; path = LSYAlbumModel.h; sourceTree = "<group>"; };
		508704981DD9F1B6002F8BEA /* LSYAlbumModel.m */ = {isa = PBXFileReference; fileEncoding = 4; lastKnownFileType = sourcecode.c.objc; path = LSYAlbumModel.m; sourceTree = "<group>"; };
		508704991DD9F1B6002F8BEA /* LSYDelegateDataSource.h */ = {isa = PBXFileReference; fileEncoding = 4; lastKnownFileType = sourcecode.c.h; path = LSYDelegateDataSource.h; sourceTree = "<group>"; };
		5087049A1DD9F1B6002F8BEA /* LSYDelegateDataSource.m */ = {isa = PBXFileReference; fileEncoding = 4; lastKnownFileType = sourcecode.c.objc; path = LSYDelegateDataSource.m; sourceTree = "<group>"; };
		5087049B1DD9F1B6002F8BEA /* LSYConfig.h */ = {isa = PBXFileReference; fileEncoding = 4; lastKnownFileType = sourcecode.c.h; path = LSYConfig.h; sourceTree = "<group>"; };
		5087049D1DD9F1B6002F8BEA /* LSYAlbumCatalogCell.h */ = {isa = PBXFileReference; fileEncoding = 4; lastKnownFileType = sourcecode.c.h; path = LSYAlbumCatalogCell.h; sourceTree = "<group>"; };
		5087049E1DD9F1B6002F8BEA /* LSYAlbumCatalogCell.m */ = {isa = PBXFileReference; fileEncoding = 4; lastKnownFileType = sourcecode.c.objc; path = LSYAlbumCatalogCell.m; sourceTree = "<group>"; };
		5087049F1DD9F1B6002F8BEA /* LSYAlbumCell.h */ = {isa = PBXFileReference; fileEncoding = 4; lastKnownFileType = sourcecode.c.h; path = LSYAlbumCell.h; sourceTree = "<group>"; };
		508704A01DD9F1B6002F8BEA /* LSYAlbumCell.m */ = {isa = PBXFileReference; fileEncoding = 4; lastKnownFileType = sourcecode.c.objc; path = LSYAlbumCell.m; sourceTree = "<group>"; };
		508704A11DD9F1B6002F8BEA /* LSYAssetPreviewItem.h */ = {isa = PBXFileReference; fileEncoding = 4; lastKnownFileType = sourcecode.c.h; path = LSYAssetPreviewItem.h; sourceTree = "<group>"; };
		508704A21DD9F1B6002F8BEA /* LSYAssetPreviewItem.m */ = {isa = PBXFileReference; fileEncoding = 4; lastKnownFileType = sourcecode.c.objc; path = LSYAssetPreviewItem.m; sourceTree = "<group>"; };
		508704A31DD9F1B6002F8BEA /* LSYAssetPreviewView.h */ = {isa = PBXFileReference; fileEncoding = 4; lastKnownFileType = sourcecode.c.h; path = LSYAssetPreviewView.h; sourceTree = "<group>"; };
		508704A41DD9F1B6002F8BEA /* LSYAssetPreviewView.m */ = {isa = PBXFileReference; fileEncoding = 4; lastKnownFileType = sourcecode.c.objc; path = LSYAssetPreviewView.m; sourceTree = "<group>"; };
		508704A51DD9F1B6002F8BEA /* LSYPickerButtomView.h */ = {isa = PBXFileReference; fileEncoding = 4; lastKnownFileType = sourcecode.c.h; path = LSYPickerButtomView.h; sourceTree = "<group>"; };
		508704A61DD9F1B6002F8BEA /* LSYPickerButtomView.m */ = {isa = PBXFileReference; fileEncoding = 4; lastKnownFileType = sourcecode.c.objc; path = LSYPickerButtomView.m; sourceTree = "<group>"; };
		508704A81DD9F1B6002F8BEA /* LSYAlbumCatalog.h */ = {isa = PBXFileReference; fileEncoding = 4; lastKnownFileType = sourcecode.c.h; path = LSYAlbumCatalog.h; sourceTree = "<group>"; };
		508704A91DD9F1B6002F8BEA /* LSYAlbumCatalog.m */ = {isa = PBXFileReference; fileEncoding = 4; lastKnownFileType = sourcecode.c.objc; path = LSYAlbumCatalog.m; sourceTree = "<group>"; };
		508704AA1DD9F1B6002F8BEA /* LSYAlbumPicker.h */ = {isa = PBXFileReference; fileEncoding = 4; lastKnownFileType = sourcecode.c.h; path = LSYAlbumPicker.h; sourceTree = "<group>"; };
		508704AB1DD9F1B6002F8BEA /* LSYAlbumPicker.m */ = {isa = PBXFileReference; fileEncoding = 4; lastKnownFileType = sourcecode.c.objc; path = LSYAlbumPicker.m; sourceTree = "<group>"; };
		508704AC1DD9F1B6002F8BEA /* LSYAssetPreview.h */ = {isa = PBXFileReference; fileEncoding = 4; lastKnownFileType = sourcecode.c.h; path = LSYAssetPreview.h; sourceTree = "<group>"; };
		508704AD1DD9F1B6002F8BEA /* LSYAssetPreview.m */ = {isa = PBXFileReference; fileEncoding = 4; lastKnownFileType = sourcecode.c.objc; path = LSYAssetPreview.m; sourceTree = "<group>"; };
		508704AE1DD9F1B6002F8BEA /* LSYNavigationController.h */ = {isa = PBXFileReference; fileEncoding = 4; lastKnownFileType = sourcecode.c.h; path = LSYNavigationController.h; sourceTree = "<group>"; };
		508704AF1DD9F1B6002F8BEA /* LSYNavigationController.m */ = {isa = PBXFileReference; fileEncoding = 4; lastKnownFileType = sourcecode.c.objc; path = LSYNavigationController.m; sourceTree = "<group>"; };
		508704BC1DD9F417002F8BEA /* AlbumPicker.bundle */ = {isa = PBXFileReference; lastKnownFileType = "wrapper.plug-in"; path = AlbumPicker.bundle; sourceTree = "<group>"; };
/* End PBXFileReference section */

/* Begin PBXFrameworksBuildPhase section */
		504D0AC41DD8AADB001725AC /* Frameworks */ = {
			isa = PBXFrameworksBuildPhase;
			buildActionMask = 2147483647;
			files = (
				5087048E1DD9EC00002F8BEA /* AssetsLibrary.framework in Frameworks */,
			);
			runOnlyForDeploymentPostprocessing = 0;
		};
		504D0ADD1DD8AADB001725AC /* Frameworks */ = {
			isa = PBXFrameworksBuildPhase;
			buildActionMask = 2147483647;
			files = (
			);
			runOnlyForDeploymentPostprocessing = 0;
		};
		504D0AE81DD8AADB001725AC /* Frameworks */ = {
			isa = PBXFrameworksBuildPhase;
			buildActionMask = 2147483647;
			files = (
			);
			runOnlyForDeploymentPostprocessing = 0;
		};
/* End PBXFrameworksBuildPhase section */

/* Begin PBXGroup section */
		504D0ABE1DD8AADB001725AC = {
			isa = PBXGroup;
			children = (
				504D0AC91DD8AADB001725AC /* FFVideoClipMaster */,
				504D0AC81DD8AADB001725AC /* Products */,
				5087048C1DD9EBFF002F8BEA /* Frameworks */,
			);
			sourceTree = "<group>";
		};
		504D0AC81DD8AADB001725AC /* Products */ = {
			isa = PBXGroup;
			children = (
				504D0AC71DD8AADB001725AC /* FFVideoClipMaster.app */,
				504D0AE01DD8AADB001725AC /* FFVideoClipMasterTests.xctest */,
				504D0AEB1DD8AADB001725AC /* FFVideoClipMasterUITests.xctest */,
			);
			name = Products;
			sourceTree = "<group>";
		};
		504D0AC91DD8AADB001725AC /* FFVideoClipMaster */ = {
			isa = PBXGroup;
			children = (
				504D0B0C1DD8AC12001725AC /* Tool */,
				504D0AFD1DD8AB85001725AC /* Controller */,
				504D0AFE1DD8AB85001725AC /* Model */,
				504D0AFF1DD8AB85001725AC /* View */,
				504D0ACD1DD8AADB001725AC /* AppDelegate.h */,
				504D0ACE1DD8AADB001725AC /* AppDelegate.m */,
				508704811DD8B7EF002F8BEA /* FFVideoClipMasterPCH.h */,
				504D0AD61DD8AADB001725AC /* Assets.xcassets */,
				504D0AD81DD8AADB001725AC /* LaunchScreen.storyboard */,
				504D0ADB1DD8AADB001725AC /* Info.plist */,
				504D0ACA1DD8AADB001725AC /* Supporting Files */,
			);
			path = FFVideoClipMaster;
			sourceTree = "<group>";
		};
		504D0ACA1DD8AADB001725AC /* Supporting Files */ = {
			isa = PBXGroup;
			children = (
				504D0ACB1DD8AADB001725AC /* main.m */,
			);
			name = "Supporting Files";
			sourceTree = "<group>";
		};
		504D0AFD1DD8AB85001725AC /* Controller */ = {
			isa = PBXGroup;
			children = (
				504D0B001DD8ABF1001725AC /* VideoChooseVC */,
				504D0B011DD8ABF1001725AC /* VideoClipVC */,
				504D0B021DD8ABF1001725AC /* VideoSaveVC */,
				504D0B031DD8ABF1001725AC /* VideoSizeHandleVC */,
			);
			path = Controller;
			sourceTree = "<group>";
		};
		504D0AFE1DD8AB85001725AC /* Model */ = {
			isa = PBXGroup;
			children = (
				5087048F1DD9ED11002F8BEA /* AssetModel */,
				504D0B041DD8ABF8001725AC /* VideoChooseVC */,
				504D0B051DD8ABF8001725AC /* VideoClipVC */,
				504D0B061DD8ABF8001725AC /* VideoSaveVC */,
				504D0B071DD8ABF8001725AC /* VideoSizeHandleVC */,
			);
			path = Model;
			sourceTree = "<group>";
		};
		504D0AFF1DD8AB85001725AC /* View */ = {
			isa = PBXGroup;
			children = (
				508704801DD8B739002F8BEA /* PlayerView */,
				504D0B081DD8ABFC001725AC /* VideoChooseVC */,
				504D0B091DD8ABFC001725AC /* VideoClipVC */,
				504D0B0A1DD8ABFC001725AC /* VideoSaveVC */,
				504D0B0B1DD8ABFC001725AC /* VideoSizeHandleVC */,
			);
			path = View;
			sourceTree = "<group>";
		};
		504D0B001DD8ABF1001725AC /* VideoChooseVC */ = {
			isa = PBXGroup;
			children = (
				504D0B0D1DD8AC4C001725AC /* FFVideoChooseViewController.h */,
				504D0B0E1DD8AC4C001725AC /* FFVideoChooseViewController.m */,
				504D0B0F1DD8AC4C001725AC /* FFVideoChooseViewController.xib */,
			);
			path = VideoChooseVC;
			sourceTree = "<group>";
		};
		504D0B011DD8ABF1001725AC /* VideoClipVC */ = {
			isa = PBXGroup;
			children = (
				504D0B121DD8AC5F001725AC /* FFVideoClipViewController.h */,
				504D0B131DD8AC5F001725AC /* FFVideoClipViewController.m */,
				504D0B141DD8AC5F001725AC /* FFVideoClipViewController.xib */,
			);
			path = VideoClipVC;
			sourceTree = "<group>";
		};
		504D0B021DD8ABF1001725AC /* VideoSaveVC */ = {
			isa = PBXGroup;
			children = (
				504D0B171DD8AC7D001725AC /* FFVideoSaveViewController.h */,
				504D0B181DD8AC7D001725AC /* FFVideoSaveViewController.m */,
				504D0B191DD8AC7D001725AC /* FFVideoSaveViewController.xib */,
			);
			path = VideoSaveVC;
			sourceTree = "<group>";
		};
		504D0B031DD8ABF1001725AC /* VideoSizeHandleVC */ = {
			isa = PBXGroup;
			children = (
				504D0B1C1DD8AC97001725AC /* FFVideoSizeHandleViewController.h */,
				504D0B1D1DD8AC97001725AC /* FFVideoSizeHandleViewController.m */,
				504D0B1E1DD8AC97001725AC /* FFVideoSizeHandleViewController.xib */,
			);
			path = VideoSizeHandleVC;
			sourceTree = "<group>";
		};
		504D0B041DD8ABF8001725AC /* VideoChooseVC */ = {
			isa = PBXGroup;
			children = (
			);
			path = VideoChooseVC;
			sourceTree = "<group>";
		};
		504D0B051DD8ABF8001725AC /* VideoClipVC */ = {
			isa = PBXGroup;
			children = (
			);
			path = VideoClipVC;
			sourceTree = "<group>";
		};
		504D0B061DD8ABF8001725AC /* VideoSaveVC */ = {
			isa = PBXGroup;
			children = (
			);
			path = VideoSaveVC;
			sourceTree = "<group>";
		};
		504D0B071DD8ABF8001725AC /* VideoSizeHandleVC */ = {
			isa = PBXGroup;
			children = (
			);
			path = VideoSizeHandleVC;
			sourceTree = "<group>";
		};
		504D0B081DD8ABFC001725AC /* VideoChooseVC */ = {
			isa = PBXGroup;
			children = (
			);
			path = VideoChooseVC;
			sourceTree = "<group>";
		};
		504D0B091DD8ABFC001725AC /* VideoClipVC */ = {
			isa = PBXGroup;
			children = (
			);
			path = VideoClipVC;
			sourceTree = "<group>";
		};
		504D0B0A1DD8ABFC001725AC /* VideoSaveVC */ = {
			isa = PBXGroup;
			children = (
			);
			path = VideoSaveVC;
			sourceTree = "<group>";
		};
		504D0B0B1DD8ABFC001725AC /* VideoSizeHandleVC */ = {
			isa = PBXGroup;
			children = (
			);
			path = VideoSizeHandleVC;
			sourceTree = "<group>";
		};
		504D0B0C1DD8AC12001725AC /* Tool */ = {
			isa = PBXGroup;
			children = (
				508704931DD9F1B6002F8BEA /* LSYAlbumPicker_OC */,
				508704821DD8BA04002F8BEA /* CateGory */,
				5087047D1DD8B721002F8BEA /* FFNavItem.h */,
				5087047E1DD8B721002F8BEA /* FFNavItem.m */,
			);
			path = Tool;
			sourceTree = "<group>";
		};
		508704801DD8B739002F8BEA /* PlayerView */ = {
			isa = PBXGroup;
			children = (
			);
			path = PlayerView;
			sourceTree = "<group>";
		};
		508704821DD8BA04002F8BEA /* CateGory */ = {
			isa = PBXGroup;
			children = (
				508704861DD9AC53002F8BEA /* UIColor+Category.h */,
				508704871DD9AC53002F8BEA /* UIColor+Category.m */,
			);
			path = CateGory;
			sourceTree = "<group>";
		};
		5087048C1DD9EBFF002F8BEA /* Frameworks */ = {
			isa = PBXGroup;
			children = (
				5087048D1DD9EC00002F8BEA /* AssetsLibrary.framework */,
			);
			name = Frameworks;
			sourceTree = "<group>";
		};
		5087048F1DD9ED11002F8BEA /* AssetModel */ = {
			isa = PBXGroup;
			children = (
			);
			path = AssetModel;
			sourceTree = "<group>";
		};
		508704931DD9F1B6002F8BEA /* LSYAlbumPicker_OC */ = {
			isa = PBXGroup;
			children = (
				508704BC1DD9F417002F8BEA /* AlbumPicker.bundle */,
				508704941DD9F1B6002F8BEA /* BLL */,
				5087049B1DD9F1B6002F8BEA /* LSYConfig.h */,
				5087049C1DD9F1B6002F8BEA /* View */,
				508704A71DD9F1B6002F8BEA /* ViewController */,
			);
			path = LSYAlbumPicker_OC;
			sourceTree = "<group>";
		};
		508704941DD9F1B6002F8BEA /* BLL */ = {
			isa = PBXGroup;
			children = (
				508704951DD9F1B6002F8BEA /* LSYAlbum.h */,
				508704961DD9F1B6002F8BEA /* LSYAlbum.m */,
				508704971DD9F1B6002F8BEA /* LSYAlbumModel.h */,
				508704981DD9F1B6002F8BEA /* LSYAlbumModel.m */,
				508704991DD9F1B6002F8BEA /* LSYDelegateDataSource.h */,
				5087049A1DD9F1B6002F8BEA /* LSYDelegateDataSource.m */,
			);
			path = BLL;
			sourceTree = "<group>";
		};
		5087049C1DD9F1B6002F8BEA /* View */ = {
			isa = PBXGroup;
			children = (
				5087049D1DD9F1B6002F8BEA /* LSYAlbumCatalogCell.h */,
				5087049E1DD9F1B6002F8BEA /* LSYAlbumCatalogCell.m */,
				5087049F1DD9F1B6002F8BEA /* LSYAlbumCell.h */,
				508704A01DD9F1B6002F8BEA /* LSYAlbumCell.m */,
				508704A11DD9F1B6002F8BEA /* LSYAssetPreviewItem.h */,
				508704A21DD9F1B6002F8BEA /* LSYAssetPreviewItem.m */,
				508704A31DD9F1B6002F8BEA /* LSYAssetPreviewView.h */,
				508704A41DD9F1B6002F8BEA /* LSYAssetPreviewView.m */,
				508704A51DD9F1B6002F8BEA /* LSYPickerButtomView.h */,
				508704A61DD9F1B6002F8BEA /* LSYPickerButtomView.m */,
			);
			path = View;
			sourceTree = "<group>";
		};
		508704A71DD9F1B6002F8BEA /* ViewController */ = {
			isa = PBXGroup;
			children = (
				508704A81DD9F1B6002F8BEA /* LSYAlbumCatalog.h */,
				508704A91DD9F1B6002F8BEA /* LSYAlbumCatalog.m */,
				508704AA1DD9F1B6002F8BEA /* LSYAlbumPicker.h */,
				508704AB1DD9F1B6002F8BEA /* LSYAlbumPicker.m */,
				508704AC1DD9F1B6002F8BEA /* LSYAssetPreview.h */,
				508704AD1DD9F1B6002F8BEA /* LSYAssetPreview.m */,
				508704AE1DD9F1B6002F8BEA /* LSYNavigationController.h */,
				508704AF1DD9F1B6002F8BEA /* LSYNavigationController.m */,
			);
			path = ViewController;
			sourceTree = "<group>";
		};
/* End PBXGroup section */

/* Begin PBXNativeTarget section */
		504D0AC61DD8AADB001725AC /* FFVideoClipMaster */ = {
			isa = PBXNativeTarget;
			buildConfigurationList = 504D0AF41DD8AADB001725AC /* Build configuration list for PBXNativeTarget "FFVideoClipMaster" */;
			buildPhases = (
				504D0AC31DD8AADB001725AC /* Sources */,
				504D0AC41DD8AADB001725AC /* Frameworks */,
				504D0AC51DD8AADB001725AC /* Resources */,
			);
			buildRules = (
			);
			dependencies = (
			);
			name = FFVideoClipMaster;
			productName = FFVideoClipMaster;
			productReference = 504D0AC71DD8AADB001725AC /* FFVideoClipMaster.app */;
			productType = "com.apple.product-type.application";
		};
		504D0ADF1DD8AADB001725AC /* FFVideoClipMasterTests */ = {
			isa = PBXNativeTarget;
			buildConfigurationList = 504D0AF71DD8AADB001725AC /* Build configuration list for PBXNativeTarget "FFVideoClipMasterTests" */;
			buildPhases = (
				504D0ADC1DD8AADB001725AC /* Sources */,
				504D0ADD1DD8AADB001725AC /* Frameworks */,
				504D0ADE1DD8AADB001725AC /* Resources */,
			);
			buildRules = (
			);
			dependencies = (
				504D0AE21DD8AADB001725AC /* PBXTargetDependency */,
			);
			name = FFVideoClipMasterTests;
			productName = FFVideoClipMasterTests;
			productReference = 504D0AE01DD8AADB001725AC /* FFVideoClipMasterTests.xctest */;
			productType = "com.apple.product-type.bundle.unit-test";
		};
		504D0AEA1DD8AADB001725AC /* FFVideoClipMasterUITests */ = {
			isa = PBXNativeTarget;
			buildConfigurationList = 504D0AFA1DD8AADB001725AC /* Build configuration list for PBXNativeTarget "FFVideoClipMasterUITests" */;
			buildPhases = (
				504D0AE71DD8AADB001725AC /* Sources */,
				504D0AE81DD8AADB001725AC /* Frameworks */,
				504D0AE91DD8AADB001725AC /* Resources */,
			);
			buildRules = (
			);
			dependencies = (
				504D0AED1DD8AADB001725AC /* PBXTargetDependency */,
			);
			name = FFVideoClipMasterUITests;
			productName = FFVideoClipMasterUITests;
			productReference = 504D0AEB1DD8AADB001725AC /* FFVideoClipMasterUITests.xctest */;
			productType = "com.apple.product-type.bundle.ui-testing";
		};
/* End PBXNativeTarget section */

/* Begin PBXProject section */
		504D0ABF1DD8AADB001725AC /* Project object */ = {
			isa = PBXProject;
			attributes = {
				CLASSPREFIX = FF;
				LastUpgradeCheck = 0800;
				ORGANIZATIONNAME = Mr.Yao;
				TargetAttributes = {
					504D0AC61DD8AADB001725AC = {
						CreatedOnToolsVersion = 8.0;
						DevelopmentTeam = E854VUQ68Z;
						ProvisioningStyle = Automatic;
					};
					504D0ADF1DD8AADB001725AC = {
						CreatedOnToolsVersion = 8.0;
						ProvisioningStyle = Automatic;
						TestTargetID = 504D0AC61DD8AADB001725AC;
					};
					504D0AEA1DD8AADB001725AC = {
						CreatedOnToolsVersion = 8.0;
						ProvisioningStyle = Automatic;
						TestTargetID = 504D0AC61DD8AADB001725AC;
					};
				};
			};
			buildConfigurationList = 504D0AC21DD8AADB001725AC /* Build configuration list for PBXProject "FFVideoClipMaster" */;
			compatibilityVersion = "Xcode 3.2";
			developmentRegion = English;
			hasScannedForEncodings = 0;
			knownRegions = (
				en,
				Base,
			);
			mainGroup = 504D0ABE1DD8AADB001725AC;
			productRefGroup = 504D0AC81DD8AADB001725AC /* Products */;
			projectDirPath = "";
			projectRoot = "";
			targets = (
				504D0AC61DD8AADB001725AC /* FFVideoClipMaster */,
				504D0ADF1DD8AADB001725AC /* FFVideoClipMasterTests */,
				504D0AEA1DD8AADB001725AC /* FFVideoClipMasterUITests */,
			);
		};
/* End PBXProject section */

/* Begin PBXResourcesBuildPhase section */
		504D0AC51DD8AADB001725AC /* Resources */ = {
			isa = PBXResourcesBuildPhase;
			buildActionMask = 2147483647;
			files = (
				504D0B161DD8AC5F001725AC /* FFVideoClipViewController.xib in Resources */,
				508704BD1DD9F417002F8BEA /* AlbumPicker.bundle in Resources */,
				504D0B1B1DD8AC7D001725AC /* FFVideoSaveViewController.xib in Resources */,
				504D0ADA1DD8AADB001725AC /* LaunchScreen.storyboard in Resources */,
				504D0B111DD8AC4C001725AC /* FFVideoChooseViewController.xib in Resources */,
				504D0AD71DD8AADB001725AC /* Assets.xcassets in Resources */,
				504D0B201DD8AC97001725AC /* FFVideoSizeHandleViewController.xib in Resources */,
			);
			runOnlyForDeploymentPostprocessing = 0;
		};
		504D0ADE1DD8AADB001725AC /* Resources */ = {
			isa = PBXResourcesBuildPhase;
			buildActionMask = 2147483647;
			files = (
			);
			runOnlyForDeploymentPostprocessing = 0;
		};
		504D0AE91DD8AADB001725AC /* Resources */ = {
			isa = PBXResourcesBuildPhase;
			buildActionMask = 2147483647;
			files = (
			);
			runOnlyForDeploymentPostprocessing = 0;
		};
/* End PBXResourcesBuildPhase section */

/* Begin PBXSourcesBuildPhase section */
		504D0AC31DD8AADB001725AC /* Sources */ = {
			isa = PBXSourcesBuildPhase;
			buildActionMask = 2147483647;
			files = (
				508704B11DD9F1B6002F8BEA /* LSYAlbumModel.m in Sources */,
				504D0B1A1DD8AC7D001725AC /* FFVideoSaveViewController.m in Sources */,
				504D0B151DD8AC5F001725AC /* FFVideoClipViewController.m in Sources */,
				504D0ACF1DD8AADB001725AC /* AppDelegate.m in Sources */,
				508704B01DD9F1B6002F8BEA /* LSYAlbum.m in Sources */,
				508704B91DD9F1B6002F8BEA /* LSYAlbumPicker.m in Sources */,
				508704881DD9AC53002F8BEA /* UIColor+Category.m in Sources */,
				508704BA1DD9F1B6002F8BEA /* LSYAssetPreview.m in Sources */,
				508704B61DD9F1B6002F8BEA /* LSYAssetPreviewView.m in Sources */,
				508704B71DD9F1B6002F8BEA /* LSYPickerButtomView.m in Sources */,
				504D0ACC1DD8AADB001725AC /* main.m in Sources */,
				508704B51DD9F1B6002F8BEA /* LSYAssetPreviewItem.m in Sources */,
				508704BB1DD9F1B6002F8BEA /* LSYNavigationController.m in Sources */,
				5087047F1DD8B721002F8BEA /* FFNavItem.m in Sources */,
				508704B21DD9F1B6002F8BEA /* LSYDelegateDataSource.m in Sources */,
				504D0B101DD8AC4C001725AC /* FFVideoChooseViewController.m in Sources */,
				508704B31DD9F1B6002F8BEA /* LSYAlbumCatalogCell.m in Sources */,
				508704B41DD9F1B6002F8BEA /* LSYAlbumCell.m in Sources */,
				508704B81DD9F1B6002F8BEA /* LSYAlbumCatalog.m in Sources */,
				504D0B1F1DD8AC97001725AC /* FFVideoSizeHandleViewController.m in Sources */,
			);
			runOnlyForDeploymentPostprocessing = 0;
		};
		504D0ADC1DD8AADB001725AC /* Sources */ = {
			isa = PBXSourcesBuildPhase;
			buildActionMask = 2147483647;
			files = (
			);
			runOnlyForDeploymentPostprocessing = 0;
		};
		504D0AE71DD8AADB001725AC /* Sources */ = {
			isa = PBXSourcesBuildPhase;
			buildActionMask = 2147483647;
			files = (
			);
			runOnlyForDeploymentPostprocessing = 0;
		};
/* End PBXSourcesBuildPhase section */

/* Begin PBXTargetDependency section */
		504D0AE21DD8AADB001725AC /* PBXTargetDependency */ = {
			isa = PBXTargetDependency;
			target = 504D0AC61DD8AADB001725AC /* FFVideoClipMaster */;
			targetProxy = 504D0AE11DD8AADB001725AC /* PBXContainerItemProxy */;
		};
		504D0AED1DD8AADB001725AC /* PBXTargetDependency */ = {
			isa = PBXTargetDependency;
			target = 504D0AC61DD8AADB001725AC /* FFVideoClipMaster */;
			targetProxy = 504D0AEC1DD8AADB001725AC /* PBXContainerItemProxy */;
		};
/* End PBXTargetDependency section */

/* Begin PBXVariantGroup section */
		504D0AD81DD8AADB001725AC /* LaunchScreen.storyboard */ = {
			isa = PBXVariantGroup;
			children = (
				504D0AD91DD8AADB001725AC /* Base */,
			);
			name = LaunchScreen.storyboard;
			sourceTree = "<group>";
		};
/* End PBXVariantGroup section */

/* Begin XCBuildConfiguration section */
		504D0AF21DD8AADB001725AC /* Debug */ = {
			isa = XCBuildConfiguration;
			buildSettings = {
				ALWAYS_SEARCH_USER_PATHS = NO;
				CLANG_ANALYZER_NONNULL = YES;
				CLANG_CXX_LANGUAGE_STANDARD = "gnu++0x";
				CLANG_CXX_LIBRARY = "libc++";
				CLANG_ENABLE_MODULES = YES;
				CLANG_ENABLE_OBJC_ARC = YES;
				CLANG_WARN_BOOL_CONVERSION = YES;
				CLANG_WARN_CONSTANT_CONVERSION = YES;
				CLANG_WARN_DIRECT_OBJC_ISA_USAGE = YES_ERROR;
				CLANG_WARN_DOCUMENTATION_COMMENTS = YES;
				CLANG_WARN_EMPTY_BODY = YES;
				CLANG_WARN_ENUM_CONVERSION = YES;
				CLANG_WARN_INFINITE_RECURSION = YES;
				CLANG_WARN_INT_CONVERSION = YES;
				CLANG_WARN_OBJC_ROOT_CLASS = YES_ERROR;
				CLANG_WARN_SUSPICIOUS_MOVES = YES;
				CLANG_WARN_UNREACHABLE_CODE = YES;
				CLANG_WARN__DUPLICATE_METHOD_MATCH = YES;
				"CODE_SIGN_IDENTITY[sdk=iphoneos*]" = "iPhone Developer";
				COPY_PHASE_STRIP = NO;
				DEBUG_INFORMATION_FORMAT = dwarf;
				ENABLE_STRICT_OBJC_MSGSEND = YES;
				ENABLE_TESTABILITY = YES;
				GCC_C_LANGUAGE_STANDARD = gnu99;
				GCC_DYNAMIC_NO_PIC = NO;
				GCC_NO_COMMON_BLOCKS = YES;
				GCC_OPTIMIZATION_LEVEL = 0;
				GCC_PREPROCESSOR_DEFINITIONS = (
					"DEBUG=1",
					"$(inherited)",
				);
				GCC_WARN_64_TO_32_BIT_CONVERSION = YES;
				GCC_WARN_ABOUT_RETURN_TYPE = YES_ERROR;
				GCC_WARN_UNDECLARED_SELECTOR = YES;
				GCC_WARN_UNINITIALIZED_AUTOS = YES_AGGRESSIVE;
				GCC_WARN_UNUSED_FUNCTION = YES;
				GCC_WARN_UNUSED_VARIABLE = YES;
				IPHONEOS_DEPLOYMENT_TARGET = 10.0;
				MTL_ENABLE_DEBUG_INFO = YES;
				ONLY_ACTIVE_ARCH = YES;
				SDKROOT = iphoneos;
				TARGETED_DEVICE_FAMILY = "1,2";
			};
			name = Debug;
		};
		504D0AF31DD8AADB001725AC /* Release */ = {
			isa = XCBuildConfiguration;
			buildSettings = {
				ALWAYS_SEARCH_USER_PATHS = NO;
				CLANG_ANALYZER_NONNULL = YES;
				CLANG_CXX_LANGUAGE_STANDARD = "gnu++0x";
				CLANG_CXX_LIBRARY = "libc++";
				CLANG_ENABLE_MODULES = YES;
				CLANG_ENABLE_OBJC_ARC = YES;
				CLANG_WARN_BOOL_CONVERSION = YES;
				CLANG_WARN_CONSTANT_CONVERSION = YES;
				CLANG_WARN_DIRECT_OBJC_ISA_USAGE = YES_ERROR;
				CLANG_WARN_DOCUMENTATION_COMMENTS = YES;
				CLANG_WARN_EMPTY_BODY = YES;
				CLANG_WARN_ENUM_CONVERSION = YES;
				CLANG_WARN_INFINITE_RECURSION = YES;
				CLANG_WARN_INT_CONVERSION = YES;
				CLANG_WARN_OBJC_ROOT_CLASS = YES_ERROR;
				CLANG_WARN_SUSPICIOUS_MOVES = YES;
				CLANG_WARN_UNREACHABLE_CODE = YES;
				CLANG_WARN__DUPLICATE_METHOD_MATCH = YES;
				"CODE_SIGN_IDENTITY[sdk=iphoneos*]" = "iPhone Developer";
				COPY_PHASE_STRIP = NO;
				DEBUG_INFORMATION_FORMAT = "dwarf-with-dsym";
				ENABLE_NS_ASSERTIONS = NO;
				ENABLE_STRICT_OBJC_MSGSEND = YES;
				GCC_C_LANGUAGE_STANDARD = gnu99;
				GCC_NO_COMMON_BLOCKS = YES;
				GCC_WARN_64_TO_32_BIT_CONVERSION = YES;
				GCC_WARN_ABOUT_RETURN_TYPE = YES_ERROR;
				GCC_WARN_UNDECLARED_SELECTOR = YES;
				GCC_WARN_UNINITIALIZED_AUTOS = YES_AGGRESSIVE;
				GCC_WARN_UNUSED_FUNCTION = YES;
				GCC_WARN_UNUSED_VARIABLE = YES;
				IPHONEOS_DEPLOYMENT_TARGET = 10.0;
				MTL_ENABLE_DEBUG_INFO = NO;
				SDKROOT = iphoneos;
				TARGETED_DEVICE_FAMILY = "1,2";
				VALIDATE_PRODUCT = YES;
			};
			name = Release;
		};
		504D0AF51DD8AADB001725AC /* Debug */ = {
			isa = XCBuildConfiguration;
			buildSettings = {
				ASSETCATALOG_COMPILER_APPICON_NAME = AppIcon;
				ASSETCATALOG_COMPILER_LAUNCHIMAGE_NAME = LaunchImage;
				DEVELOPMENT_TEAM = E854VUQ68Z;
				GCC_PREFIX_HEADER = FFVideoClipMaster/FFVideoClipMasterPCH.h;
				INFOPLIST_FILE = FFVideoClipMaster/Info.plist;
				IPHONEOS_DEPLOYMENT_TARGET = 8.4;
				LD_RUNPATH_SEARCH_PATHS = "$(inherited) @executable_path/Frameworks";
				PRODUCT_BUNDLE_IDENTIFIER = FF.FFVideoClipMaster;
				PRODUCT_NAME = "$(TARGET_NAME)";
			};
			name = Debug;
		};
		504D0AF61DD8AADB001725AC /* Release */ = {
			isa = XCBuildConfiguration;
			buildSettings = {
				ASSETCATALOG_COMPILER_APPICON_NAME = AppIcon;
				ASSETCATALOG_COMPILER_LAUNCHIMAGE_NAME = LaunchImage;
				DEVELOPMENT_TEAM = E854VUQ68Z;
				GCC_PREFIX_HEADER = FFVideoClipMaster/FFVideoClipMasterPCH.h;
				INFOPLIST_FILE = FFVideoClipMaster/Info.plist;
				IPHONEOS_DEPLOYMENT_TARGET = 8.4;
				LD_RUNPATH_SEARCH_PATHS = "$(inherited) @executable_path/Frameworks";
				PRODUCT_BUNDLE_IDENTIFIER = FF.FFVideoClipMaster;
				PRODUCT_NAME = "$(TARGET_NAME)";
			};
			name = Release;
		};
		504D0AF81DD8AADB001725AC /* Debug */ = {
			isa = XCBuildConfiguration;
			buildSettings = {
				BUNDLE_LOADER = "$(TEST_HOST)";
				INFOPLIST_FILE = FFVideoClipMasterTests/Info.plist;
				LD_RUNPATH_SEARCH_PATHS = "$(inherited) @executable_path/Frameworks @loader_path/Frameworks";
				PRODUCT_BUNDLE_IDENTIFIER = FF.FFVideoClipMasterTests;
				PRODUCT_NAME = "$(TARGET_NAME)";
				TEST_HOST = "$(BUILT_PRODUCTS_DIR)/FFVideoClipMaster.app/FFVideoClipMaster";
			};
			name = Debug;
		};
		504D0AF91DD8AADB001725AC /* Release */ = {
			isa = XCBuildConfiguration;
			buildSettings = {
				BUNDLE_LOADER = "$(TEST_HOST)";
				INFOPLIST_FILE = FFVideoClipMasterTests/Info.plist;
				LD_RUNPATH_SEARCH_PATHS = "$(inherited) @executable_path/Frameworks @loader_path/Frameworks";
				PRODUCT_BUNDLE_IDENTIFIER = FF.FFVideoClipMasterTests;
				PRODUCT_NAME = "$(TARGET_NAME)";
				TEST_HOST = "$(BUILT_PRODUCTS_DIR)/FFVideoClipMaster.app/FFVideoClipMaster";
			};
			name = Release;
		};
		504D0AFB1DD8AADB001725AC /* Debug */ = {
			isa = XCBuildConfiguration;
			buildSettings = {
				INFOPLIST_FILE = FFVideoClipMasterUITests/Info.plist;
				LD_RUNPATH_SEARCH_PATHS = "$(inherited) @executable_path/Frameworks @loader_path/Frameworks";
				PRODUCT_BUNDLE_IDENTIFIER = FF.FFVideoClipMasterUITests;
				PRODUCT_NAME = "$(TARGET_NAME)";
				TEST_TARGET_NAME = FFVideoClipMaster;
			};
			name = Debug;
		};
		504D0AFC1DD8AADB001725AC /* Release */ = {
			isa = XCBuildConfiguration;
			buildSettings = {
				INFOPLIST_FILE = FFVideoClipMasterUITests/Info.plist;
				LD_RUNPATH_SEARCH_PATHS = "$(inherited) @executable_path/Frameworks @loader_path/Frameworks";
				PRODUCT_BUNDLE_IDENTIFIER = FF.FFVideoClipMasterUITests;
				PRODUCT_NAME = "$(TARGET_NAME)";
				TEST_TARGET_NAME = FFVideoClipMaster;
			};
			name = Release;
		};
/* End XCBuildConfiguration section */

/* Begin XCConfigurationList section */
		504D0AC21DD8AADB001725AC /* Build configuration list for PBXProject "FFVideoClipMaster" */ = {
			isa = XCConfigurationList;
			buildConfigurations = (
				504D0AF21DD8AADB001725AC /* Debug */,
				504D0AF31DD8AADB001725AC /* Release */,
			);
			defaultConfigurationIsVisible = 0;
			defaultConfigurationName = Release;
		};
		504D0AF41DD8AADB001725AC /* Build configuration list for PBXNativeTarget "FFVideoClipMaster" */ = {
			isa = XCConfigurationList;
			buildConfigurations = (
				504D0AF51DD8AADB001725AC /* Debug */,
				504D0AF61DD8AADB001725AC /* Release */,
			);
			defaultConfigurationIsVisible = 0;
			defaultConfigurationName = Release;
		};
		504D0AF71DD8AADB001725AC /* Build configuration list for PBXNativeTarget "FFVideoClipMasterTests" */ = {
			isa = XCConfigurationList;
			buildConfigurations = (
				504D0AF81DD8AADB001725AC /* Debug */,
				504D0AF91DD8AADB001725AC /* Release */,
			);
			defaultConfigurationIsVisible = 0;
			defaultConfigurationName = Release;
		};
		504D0AFA1DD8AADB001725AC /* Build configuration list for PBXNativeTarget "FFVideoClipMasterUITests" */ = {
			isa = XCConfigurationList;
			buildConfigurations = (
				504D0AFB1DD8AADB001725AC /* Debug */,
				504D0AFC1DD8AADB001725AC /* Release */,
			);
			defaultConfigurationIsVisible = 0;
			defaultConfigurationName = Release;
		};
/* End XCConfigurationList section */
	};
	rootObject = 504D0ABF1DD8AADB001725AC /* Project object */;
}
