<?xml version="1.0" encoding="UTF-8"?>
<!DOCTYPE plist PUBLIC "-//Apple//DTD PLIST 1.0//EN" "http://www.apple.com/DTDs/PropertyList-1.0.dtd">
<plist version="1.0">
<dict>
	<key>archiveVersion</key>
	<string>1</string>
	<key>classes</key>
	<dict/>
	<key>objectVersion</key>
	<string>46</string>
	<key>objects</key>
	<dict>
		<key>442A6C8E750EA68242D36426</key>
		<dict>
			<key>buildActionMask</key>
			<string>2147483647</string>
			<key>files</key>
			<array/>
			<key>inputPaths</key>
			<array/>
			<key>isa</key>
			<string>PBXShellScriptBuildPhase</string>
			<key>name</key>
			<string>[CP] Embed Pods Frameworks</string>
			<key>outputPaths</key>
			<array/>
			<key>runOnlyForDeploymentPostprocessing</key>
			<string>0</string>
			<key>shellPath</key>
			<string>/bin/sh</string>
			<key>shellScript</key>
			<string>"${SRCROOT}/Pods/Target Support Files/Pods-FFVideoClipMaster/Pods-FFVideoClipMaster-frameworks.sh"
</string>
			<key>showEnvVarsInLog</key>
			<string>0</string>
		</dict>
		<key>504D0ABE1DD8AADB001725AC</key>
		<dict>
			<key>children</key>
			<array>
				<string>504D0AC91DD8AADB001725AC</string>
				<string>504D0AC81DD8AADB001725AC</string>
				<string>5087048C1DD9EBFF002F8BEA</string>
				<string>E6B208CF5A114F9572598E2E</string>
			</array>
			<key>isa</key>
			<string>PBXGroup</string>
			<key>sourceTree</key>
			<string>&lt;group&gt;</string>
		</dict>
		<key>504D0ABF1DD8AADB001725AC</key>
		<dict>
			<key>attributes</key>
			<dict>
				<key>CLASSPREFIX</key>
				<string>FF</string>
				<key>LastUpgradeCheck</key>
				<string>0800</string>
				<key>ORGANIZATIONNAME</key>
				<string>Mr.Yao</string>
				<key>TargetAttributes</key>
				<dict>
					<key>504D0AC61DD8AADB001725AC</key>
					<dict>
						<key>CreatedOnToolsVersion</key>
						<string>8.0</string>
						<key>DevelopmentTeam</key>
						<string>E854VUQ68Z</string>
						<key>ProvisioningStyle</key>
						<string>Automatic</string>
					</dict>
					<key>504D0ADF1DD8AADB001725AC</key>
					<dict>
						<key>CreatedOnToolsVersion</key>
						<string>8.0</string>
						<key>ProvisioningStyle</key>
						<string>Automatic</string>
						<key>TestTargetID</key>
						<string>504D0AC61DD8AADB001725AC</string>
					</dict>
					<key>504D0AEA1DD8AADB001725AC</key>
					<dict>
						<key>CreatedOnToolsVersion</key>
						<string>8.0</string>
						<key>ProvisioningStyle</key>
						<string>Automatic</string>
						<key>TestTargetID</key>
						<string>504D0AC61DD8AADB001725AC</string>
					</dict>
				</dict>
			</dict>
			<key>buildConfigurationList</key>
			<string>504D0AC21DD8AADB001725AC</string>
			<key>compatibilityVersion</key>
			<string>Xcode 3.2</string>
			<key>developmentRegion</key>
			<string>English</string>
			<key>hasScannedForEncodings</key>
			<string>0</string>
			<key>isa</key>
			<string>PBXProject</string>
			<key>knownRegions</key>
			<array>
				<string>en</string>
				<string>Base</string>
			</array>
			<key>mainGroup</key>
			<string>504D0ABE1DD8AADB001725AC</string>
			<key>productRefGroup</key>
			<string>504D0AC81DD8AADB001725AC</string>
			<key>projectDirPath</key>
			<string></string>
			<key>projectReferences</key>
			<array/>
			<key>projectRoot</key>
			<string></string>
			<key>targets</key>
			<array>
				<string>504D0AC61DD8AADB001725AC</string>
				<string>504D0ADF1DD8AADB001725AC</string>
				<string>504D0AEA1DD8AADB001725AC</string>
			</array>
		</dict>
		<key>504D0AC21DD8AADB001725AC</key>
		<dict>
			<key>buildConfigurations</key>
			<array>
				<string>504D0AF21DD8AADB001725AC</string>
				<string>504D0AF31DD8AADB001725AC</string>
			</array>
			<key>defaultConfigurationIsVisible</key>
			<string>0</string>
			<key>defaultConfigurationName</key>
			<string>Release</string>
			<key>isa</key>
			<string>XCConfigurationList</string>
		</dict>
		<key>504D0AC31DD8AADB001725AC</key>
		<dict>
			<key>buildActionMask</key>
			<string>2147483647</string>
			<key>files</key>
			<array>
				<string>508704B11DD9F1B6002F8BEA</string>
				<string>504D0B1A1DD8AC7D001725AC</string>
				<string>504D0B151DD8AC5F001725AC</string>
				<string>504D0ACF1DD8AADB001725AC</string>
				<string>508704B01DD9F1B6002F8BEA</string>
				<string>508704B91DD9F1B6002F8BEA</string>
				<string>508704881DD9AC53002F8BEA</string>
				<string>508704BA1DD9F1B6002F8BEA</string>
				<string>508704B61DD9F1B6002F8BEA</string>
				<string>508704B71DD9F1B6002F8BEA</string>
				<string>504D0ACC1DD8AADB001725AC</string>
				<string>508704C01DD9F86D002F8BEA</string>
				<string>508704B51DD9F1B6002F8BEA</string>
				<string>508704BB1DD9F1B6002F8BEA</string>
				<string>5087047F1DD8B721002F8BEA</string>
				<string>508704B21DD9F1B6002F8BEA</string>
				<string>504D0B101DD8AC4C001725AC</string>
				<string>508704B31DD9F1B6002F8BEA</string>
				<string>508704B41DD9F1B6002F8BEA</string>
				<string>508704B81DD9F1B6002F8BEA</string>
				<string>504D0B1F1DD8AC97001725AC</string>
			</array>
			<key>isa</key>
			<string>PBXSourcesBuildPhase</string>
			<key>runOnlyForDeploymentPostprocessing</key>
			<string>0</string>
		</dict>
		<key>504D0AC41DD8AADB001725AC</key>
		<dict>
			<key>buildActionMask</key>
			<string>2147483647</string>
			<key>files</key>
			<array>
				<string>5087048E1DD9EC00002F8BEA</string>
				<string>922799095E86264DC3280DD5</string>
			</array>
			<key>isa</key>
			<string>PBXFrameworksBuildPhase</string>
			<key>runOnlyForDeploymentPostprocessing</key>
			<string>0</string>
		</dict>
		<key>504D0AC51DD8AADB001725AC</key>
		<dict>
			<key>buildActionMask</key>
			<string>2147483647</string>
			<key>files</key>
			<array>
				<string>504D0B161DD8AC5F001725AC</string>
				<string>508704BD1DD9F417002F8BEA</string>
				<string>504D0B1B1DD8AC7D001725AC</string>
				<string>504D0ADA1DD8AADB001725AC</string>
				<string>504D0B111DD8AC4C001725AC</string>
				<string>504D0AD71DD8AADB001725AC</string>
				<string>504D0B201DD8AC97001725AC</string>
			</array>
			<key>isa</key>
			<string>PBXResourcesBuildPhase</string>
			<key>runOnlyForDeploymentPostprocessing</key>
			<string>0</string>
		</dict>
		<key>504D0AC61DD8AADB001725AC</key>
		<dict>
			<key>buildConfigurationList</key>
			<string>504D0AF41DD8AADB001725AC</string>
			<key>buildPhases</key>
			<array>
				<string>A43FF3DCC06705393AA6C79D</string>
				<string>504D0AC31DD8AADB001725AC</string>
				<string>504D0AC41DD8AADB001725AC</string>
				<string>504D0AC51DD8AADB001725AC</string>
				<string>442A6C8E750EA68242D36426</string>
				<string>D31322E21EC8659F215286A2</string>
			</array>
			<key>buildRules</key>
			<array/>
			<key>dependencies</key>
			<array/>
			<key>isa</key>
			<string>PBXNativeTarget</string>
			<key>name</key>
			<string>FFVideoClipMaster</string>
			<key>productName</key>
			<string>FFVideoClipMaster</string>
			<key>productReference</key>
			<string>504D0AC71DD8AADB001725AC</string>
			<key>productType</key>
			<string>com.apple.product-type.application</string>
		</dict>
		<key>504D0AC71DD8AADB001725AC</key>
		<dict>
			<key>explicitFileType</key>
			<string>wrapper.application</string>
			<key>includeInIndex</key>
			<string>0</string>
			<key>isa</key>
			<string>PBXFileReference</string>
			<key>path</key>
			<string>FFVideoClipMaster.app</string>
			<key>sourceTree</key>
			<string>BUILT_PRODUCTS_DIR</string>
		</dict>
		<key>504D0AC81DD8AADB001725AC</key>
		<dict>
			<key>children</key>
			<array>
				<string>504D0AC71DD8AADB001725AC</string>
				<string>504D0AE01DD8AADB001725AC</string>
				<string>504D0AEB1DD8AADB001725AC</string>
			</array>
			<key>isa</key>
			<string>PBXGroup</string>
			<key>name</key>
			<string>Products</string>
			<key>sourceTree</key>
			<string>&lt;group&gt;</string>
		</dict>
		<key>504D0AC91DD8AADB001725AC</key>
		<dict>
			<key>children</key>
			<array>
				<string>504D0B0C1DD8AC12001725AC</string>
				<string>504D0AFD1DD8AB85001725AC</string>
				<string>504D0AFE1DD8AB85001725AC</string>
				<string>504D0AFF1DD8AB85001725AC</string>
				<string>504D0ACD1DD8AADB001725AC</string>
				<string>504D0ACE1DD8AADB001725AC</string>
				<string>508704811DD8B7EF002F8BEA</string>
				<string>504D0AD61DD8AADB001725AC</string>
				<string>504D0AD81DD8AADB001725AC</string>
				<string>504D0ADB1DD8AADB001725AC</string>
				<string>504D0ACA1DD8AADB001725AC</string>
			</array>
			<key>isa</key>
			<string>PBXGroup</string>
			<key>path</key>
			<string>FFVideoClipMaster</string>
			<key>sourceTree</key>
			<string>&lt;group&gt;</string>
		</dict>
		<key>504D0ACA1DD8AADB001725AC</key>
		<dict>
			<key>children</key>
			<array>
				<string>504D0ACB1DD8AADB001725AC</string>
			</array>
			<key>isa</key>
			<string>PBXGroup</string>
			<key>name</key>
			<string>Supporting Files</string>
			<key>sourceTree</key>
			<string>&lt;group&gt;</string>
		</dict>
		<key>504D0ACB1DD8AADB001725AC</key>
		<dict>
			<key>isa</key>
			<string>PBXFileReference</string>
			<key>lastKnownFileType</key>
			<string>sourcecode.c.objc</string>
			<key>path</key>
			<string>main.m</string>
			<key>sourceTree</key>
			<string>&lt;group&gt;</string>
		</dict>
		<key>504D0ACC1DD8AADB001725AC</key>
		<dict>
			<key>fileRef</key>
			<string>504D0ACB1DD8AADB001725AC</string>
			<key>isa</key>
			<string>PBXBuildFile</string>
		</dict>
		<key>504D0ACD1DD8AADB001725AC</key>
		<dict>
			<key>isa</key>
			<string>PBXFileReference</string>
			<key>lastKnownFileType</key>
			<string>sourcecode.c.h</string>
			<key>path</key>
			<string>AppDelegate.h</string>
			<key>sourceTree</key>
			<string>&lt;group&gt;</string>
		</dict>
		<key>504D0ACE1DD8AADB001725AC</key>
		<dict>
			<key>isa</key>
			<string>PBXFileReference</string>
			<key>lastKnownFileType</key>
			<string>sourcecode.c.objc</string>
			<key>path</key>
			<string>AppDelegate.m</string>
			<key>sourceTree</key>
			<string>&lt;group&gt;</string>
		</dict>
		<key>504D0ACF1DD8AADB001725AC</key>
		<dict>
			<key>fileRef</key>
			<string>504D0ACE1DD8AADB001725AC</string>
			<key>isa</key>
			<string>PBXBuildFile</string>
		</dict>
		<key>504D0AD61DD8AADB001725AC</key>
		<dict>
			<key>isa</key>
			<string>PBXFileReference</string>
			<key>lastKnownFileType</key>
			<string>folder.assetcatalog</string>
			<key>path</key>
			<string>Assets.xcassets</string>
			<key>sourceTree</key>
			<string>&lt;group&gt;</string>
		</dict>
		<key>504D0AD71DD8AADB001725AC</key>
		<dict>
			<key>fileRef</key>
			<string>504D0AD61DD8AADB001725AC</string>
			<key>isa</key>
			<string>PBXBuildFile</string>
		</dict>
		<key>504D0AD81DD8AADB001725AC</key>
		<dict>
			<key>children</key>
			<array>
				<string>504D0AD91DD8AADB001725AC</string>
			</array>
			<key>isa</key>
			<string>PBXVariantGroup</string>
			<key>name</key>
			<string>LaunchScreen.storyboard</string>
			<key>sourceTree</key>
			<string>&lt;group&gt;</string>
		</dict>
		<key>504D0AD91DD8AADB001725AC</key>
		<dict>
			<key>isa</key>
			<string>PBXFileReference</string>
			<key>lastKnownFileType</key>
			<string>file.storyboard</string>
			<key>name</key>
			<string>Base</string>
			<key>path</key>
			<string>Base.lproj/LaunchScreen.storyboard</string>
			<key>sourceTree</key>
			<string>&lt;group&gt;</string>
		</dict>
		<key>504D0ADA1DD8AADB001725AC</key>
		<dict>
			<key>fileRef</key>
			<string>504D0AD81DD8AADB001725AC</string>
			<key>isa</key>
			<string>PBXBuildFile</string>
		</dict>
		<key>504D0ADB1DD8AADB001725AC</key>
		<dict>
			<key>isa</key>
			<string>PBXFileReference</string>
			<key>lastKnownFileType</key>
			<string>text.plist.xml</string>
			<key>path</key>
			<string>Info.plist</string>
			<key>sourceTree</key>
			<string>&lt;group&gt;</string>
		</dict>
		<key>504D0ADC1DD8AADB001725AC</key>
		<dict>
			<key>buildActionMask</key>
			<string>2147483647</string>
			<key>files</key>
			<array/>
			<key>isa</key>
			<string>PBXSourcesBuildPhase</string>
			<key>runOnlyForDeploymentPostprocessing</key>
			<string>0</string>
		</dict>
		<key>504D0ADD1DD8AADB001725AC</key>
		<dict>
			<key>buildActionMask</key>
			<string>2147483647</string>
			<key>files</key>
			<array/>
			<key>isa</key>
			<string>PBXFrameworksBuildPhase</string>
			<key>runOnlyForDeploymentPostprocessing</key>
			<string>0</string>
		</dict>
		<key>504D0ADE1DD8AADB001725AC</key>
		<dict>
			<key>buildActionMask</key>
			<string>2147483647</string>
			<key>files</key>
			<array/>
			<key>isa</key>
			<string>PBXResourcesBuildPhase</string>
			<key>runOnlyForDeploymentPostprocessing</key>
			<string>0</string>
		</dict>
		<key>504D0ADF1DD8AADB001725AC</key>
		<dict>
			<key>buildConfigurationList</key>
			<string>504D0AF71DD8AADB001725AC</string>
			<key>buildPhases</key>
			<array>
				<string>504D0ADC1DD8AADB001725AC</string>
				<string>504D0ADD1DD8AADB001725AC</string>
				<string>504D0ADE1DD8AADB001725AC</string>
			</array>
			<key>buildRules</key>
			<array/>
			<key>dependencies</key>
			<array>
				<string>504D0AE21DD8AADB001725AC</string>
			</array>
			<key>isa</key>
			<string>PBXNativeTarget</string>
			<key>name</key>
			<string>FFVideoClipMasterTests</string>
			<key>productName</key>
			<string>FFVideoClipMasterTests</string>
			<key>productReference</key>
			<string>504D0AE01DD8AADB001725AC</string>
			<key>productType</key>
			<string>com.apple.product-type.bundle.unit-test</string>
		</dict>
		<key>504D0AE01DD8AADB001725AC</key>
		<dict>
			<key>explicitFileType</key>
			<string>wrapper.cfbundle</string>
			<key>includeInIndex</key>
			<string>0</string>
			<key>isa</key>
			<string>PBXFileReference</string>
			<key>path</key>
			<string>FFVideoClipMasterTests.xctest</string>
			<key>sourceTree</key>
			<string>BUILT_PRODUCTS_DIR</string>
		</dict>
		<key>504D0AE11DD8AADB001725AC</key>
		<dict>
			<key>containerPortal</key>
			<string>504D0ABF1DD8AADB001725AC</string>
			<key>isa</key>
			<string>PBXContainerItemProxy</string>
			<key>proxyType</key>
			<string>1</string>
			<key>remoteGlobalIDString</key>
			<string>504D0AC61DD8AADB001725AC</string>
			<key>remoteInfo</key>
			<string>FFVideoClipMaster</string>
		</dict>
		<key>504D0AE21DD8AADB001725AC</key>
		<dict>
			<key>isa</key>
			<string>PBXTargetDependency</string>
			<key>target</key>
			<string>504D0AC61DD8AADB001725AC</string>
			<key>targetProxy</key>
			<string>504D0AE11DD8AADB001725AC</string>
		</dict>
		<key>504D0AE71DD8AADB001725AC</key>
		<dict>
			<key>buildActionMask</key>
			<string>2147483647</string>
			<key>files</key>
			<array/>
			<key>isa</key>
			<string>PBXSourcesBuildPhase</string>
			<key>runOnlyForDeploymentPostprocessing</key>
			<string>0</string>
		</dict>
		<key>504D0AE81DD8AADB001725AC</key>
		<dict>
			<key>buildActionMask</key>
			<string>2147483647</string>
			<key>files</key>
			<array/>
			<key>isa</key>
			<string>PBXFrameworksBuildPhase</string>
			<key>runOnlyForDeploymentPostprocessing</key>
			<string>0</string>
		</dict>
		<key>504D0AE91DD8AADB001725AC</key>
		<dict>
			<key>buildActionMask</key>
			<string>2147483647</string>
			<key>files</key>
			<array/>
			<key>isa</key>
			<string>PBXResourcesBuildPhase</string>
			<key>runOnlyForDeploymentPostprocessing</key>
			<string>0</string>
		</dict>
		<key>504D0AEA1DD8AADB001725AC</key>
		<dict>
			<key>buildConfigurationList</key>
			<string>504D0AFA1DD8AADB001725AC</string>
			<key>buildPhases</key>
			<array>
				<string>504D0AE71DD8AADB001725AC</string>
				<string>504D0AE81DD8AADB001725AC</string>
				<string>504D0AE91DD8AADB001725AC</string>
			</array>
			<key>buildRules</key>
			<array/>
			<key>dependencies</key>
			<array>
				<string>504D0AED1DD8AADB001725AC</string>
			</array>
			<key>isa</key>
			<string>PBXNativeTarget</string>
			<key>name</key>
			<string>FFVideoClipMasterUITests</string>
			<key>productName</key>
			<string>FFVideoClipMasterUITests</string>
			<key>productReference</key>
			<string>504D0AEB1DD8AADB001725AC</string>
			<key>productType</key>
			<string>com.apple.product-type.bundle.ui-testing</string>
		</dict>
		<key>504D0AEB1DD8AADB001725AC</key>
		<dict>
			<key>explicitFileType</key>
			<string>wrapper.cfbundle</string>
			<key>includeInIndex</key>
			<string>0</string>
			<key>isa</key>
			<string>PBXFileReference</string>
			<key>path</key>
			<string>FFVideoClipMasterUITests.xctest</string>
			<key>sourceTree</key>
			<string>BUILT_PRODUCTS_DIR</string>
		</dict>
		<key>504D0AEC1DD8AADB001725AC</key>
		<dict>
			<key>containerPortal</key>
			<string>504D0ABF1DD8AADB001725AC</string>
			<key>isa</key>
			<string>PBXContainerItemProxy</string>
			<key>proxyType</key>
			<string>1</string>
			<key>remoteGlobalIDString</key>
			<string>504D0AC61DD8AADB001725AC</string>
			<key>remoteInfo</key>
			<string>FFVideoClipMaster</string>
		</dict>
		<key>504D0AED1DD8AADB001725AC</key>
		<dict>
			<key>isa</key>
			<string>PBXTargetDependency</string>
			<key>target</key>
			<string>504D0AC61DD8AADB001725AC</string>
			<key>targetProxy</key>
			<string>504D0AEC1DD8AADB001725AC</string>
		</dict>
		<key>504D0AF21DD8AADB001725AC</key>
		<dict>
			<key>buildSettings</key>
			<dict>
				<key>ALWAYS_SEARCH_USER_PATHS</key>
				<string>NO</string>
				<key>CLANG_ANALYZER_NONNULL</key>
				<string>YES</string>
				<key>CLANG_CXX_LANGUAGE_STANDARD</key>
				<string>gnu++0x</string>
				<key>CLANG_CXX_LIBRARY</key>
				<string>libc++</string>
				<key>CLANG_ENABLE_MODULES</key>
				<string>YES</string>
				<key>CLANG_ENABLE_OBJC_ARC</key>
				<string>YES</string>
				<key>CLANG_WARN_BOOL_CONVERSION</key>
				<string>YES</string>
				<key>CLANG_WARN_CONSTANT_CONVERSION</key>
				<string>YES</string>
				<key>CLANG_WARN_DIRECT_OBJC_ISA_USAGE</key>
				<string>YES_ERROR</string>
				<key>CLANG_WARN_DOCUMENTATION_COMMENTS</key>
				<string>YES</string>
				<key>CLANG_WARN_EMPTY_BODY</key>
				<string>YES</string>
				<key>CLANG_WARN_ENUM_CONVERSION</key>
				<string>YES</string>
				<key>CLANG_WARN_INFINITE_RECURSION</key>
				<string>YES</string>
				<key>CLANG_WARN_INT_CONVERSION</key>
				<string>YES</string>
				<key>CLANG_WARN_OBJC_ROOT_CLASS</key>
				<string>YES_ERROR</string>
				<key>CLANG_WARN_SUSPICIOUS_MOVES</key>
				<string>YES</string>
				<key>CLANG_WARN_UNREACHABLE_CODE</key>
				<string>YES</string>
				<key>CLANG_WARN__DUPLICATE_METHOD_MATCH</key>
				<string>YES</string>
				<key>CODE_SIGN_IDENTITY[sdk=iphoneos*]</key>
				<string>iPhone Developer</string>
				<key>COPY_PHASE_STRIP</key>
				<string>NO</string>
				<key>DEBUG_INFORMATION_FORMAT</key>
				<string>dwarf</string>
				<key>ENABLE_STRICT_OBJC_MSGSEND</key>
				<string>YES</string>
				<key>ENABLE_TESTABILITY</key>
				<string>YES</string>
				<key>GCC_C_LANGUAGE_STANDARD</key>
				<string>gnu99</string>
				<key>GCC_DYNAMIC_NO_PIC</key>
				<string>NO</string>
				<key>GCC_NO_COMMON_BLOCKS</key>
				<string>YES</string>
				<key>GCC_OPTIMIZATION_LEVEL</key>
				<string>0</string>
				<key>GCC_PREPROCESSOR_DEFINITIONS</key>
				<array>
					<string>DEBUG=1</string>
					<string>$(inherited)</string>
				</array>
				<key>GCC_WARN_64_TO_32_BIT_CONVERSION</key>
				<string>YES</string>
				<key>GCC_WARN_ABOUT_RETURN_TYPE</key>
				<string>YES_ERROR</string>
				<key>GCC_WARN_UNDECLARED_SELECTOR</key>
				<string>YES</string>
				<key>GCC_WARN_UNINITIALIZED_AUTOS</key>
				<string>YES_AGGRESSIVE</string>
				<key>GCC_WARN_UNUSED_FUNCTION</key>
				<string>YES</string>
				<key>GCC_WARN_UNUSED_VARIABLE</key>
				<string>YES</string>
				<key>IPHONEOS_DEPLOYMENT_TARGET</key>
				<string>10.0</string>
				<key>MTL_ENABLE_DEBUG_INFO</key>
				<string>YES</string>
				<key>ONLY_ACTIVE_ARCH</key>
				<string>YES</string>
				<key>SDKROOT</key>
				<string>iphoneos</string>
				<key>TARGETED_DEVICE_FAMILY</key>
				<string>1,2</string>
			</dict>
			<key>isa</key>
			<string>XCBuildConfiguration</string>
			<key>name</key>
			<string>Debug</string>
		</dict>
		<key>504D0AF31DD8AADB001725AC</key>
		<dict>
			<key>buildSettings</key>
			<dict>
				<key>ALWAYS_SEARCH_USER_PATHS</key>
				<string>NO</string>
				<key>CLANG_ANALYZER_NONNULL</key>
				<string>YES</string>
				<key>CLANG_CXX_LANGUAGE_STANDARD</key>
				<string>gnu++0x</string>
				<key>CLANG_CXX_LIBRARY</key>
				<string>libc++</string>
				<key>CLANG_ENABLE_MODULES</key>
				<string>YES</string>
				<key>CLANG_ENABLE_OBJC_ARC</key>
				<string>YES</string>
				<key>CLANG_WARN_BOOL_CONVERSION</key>
				<string>YES</string>
				<key>CLANG_WARN_CONSTANT_CONVERSION</key>
				<string>YES</string>
				<key>CLANG_WARN_DIRECT_OBJC_ISA_USAGE</key>
				<string>YES_ERROR</string>
				<key>CLANG_WARN_DOCUMENTATION_COMMENTS</key>
				<string>YES</string>
				<key>CLANG_WARN_EMPTY_BODY</key>
				<string>YES</string>
				<key>CLANG_WARN_ENUM_CONVERSION</key>
				<string>YES</string>
				<key>CLANG_WARN_INFINITE_RECURSION</key>
				<string>YES</string>
				<key>CLANG_WARN_INT_CONVERSION</key>
				<string>YES</string>
				<key>CLANG_WARN_OBJC_ROOT_CLASS</key>
				<string>YES_ERROR</string>
				<key>CLANG_WARN_SUSPICIOUS_MOVES</key>
				<string>YES</string>
				<key>CLANG_WARN_UNREACHABLE_CODE</key>
				<string>YES</string>
				<key>CLANG_WARN__DUPLICATE_METHOD_MATCH</key>
				<string>YES</string>
				<key>CODE_SIGN_IDENTITY[sdk=iphoneos*]</key>
				<string>iPhone Developer</string>
				<key>COPY_PHASE_STRIP</key>
				<string>NO</string>
				<key>DEBUG_INFORMATION_FORMAT</key>
				<string>dwarf-with-dsym</string>
				<key>ENABLE_NS_ASSERTIONS</key>
				<string>NO</string>
				<key>ENABLE_STRICT_OBJC_MSGSEND</key>
				<string>YES</string>
				<key>GCC_C_LANGUAGE_STANDARD</key>
				<string>gnu99</string>
				<key>GCC_NO_COMMON_BLOCKS</key>
				<string>YES</string>
				<key>GCC_WARN_64_TO_32_BIT_CONVERSION</key>
				<string>YES</string>
				<key>GCC_WARN_ABOUT_RETURN_TYPE</key>
				<string>YES_ERROR</string>
				<key>GCC_WARN_UNDECLARED_SELECTOR</key>
				<string>YES</string>
				<key>GCC_WARN_UNINITIALIZED_AUTOS</key>
				<string>YES_AGGRESSIVE</string>
				<key>GCC_WARN_UNUSED_FUNCTION</key>
				<string>YES</string>
				<key>GCC_WARN_UNUSED_VARIABLE</key>
				<string>YES</string>
				<key>IPHONEOS_DEPLOYMENT_TARGET</key>
				<string>10.0</string>
				<key>MTL_ENABLE_DEBUG_INFO</key>
				<string>NO</string>
				<key>SDKROOT</key>
				<string>iphoneos</string>
				<key>TARGETED_DEVICE_FAMILY</key>
				<string>1,2</string>
				<key>VALIDATE_PRODUCT</key>
				<string>YES</string>
			</dict>
			<key>isa</key>
			<string>XCBuildConfiguration</string>
			<key>name</key>
			<string>Release</string>
		</dict>
		<key>504D0AF41DD8AADB001725AC</key>
		<dict>
			<key>buildConfigurations</key>
			<array>
				<string>504D0AF51DD8AADB001725AC</string>
				<string>504D0AF61DD8AADB001725AC</string>
			</array>
			<key>defaultConfigurationIsVisible</key>
			<string>0</string>
			<key>defaultConfigurationName</key>
			<string>Release</string>
			<key>isa</key>
			<string>XCConfigurationList</string>
		</dict>
		<key>504D0AF51DD8AADB001725AC</key>
		<dict>
			<key>baseConfigurationReference</key>
			<string>B5DAA6CE041EDAC1CAC34A5E</string>
			<key>buildSettings</key>
			<dict>
				<key>ASSETCATALOG_COMPILER_APPICON_NAME</key>
				<string>AppIcon</string>
				<key>ASSETCATALOG_COMPILER_LAUNCHIMAGE_NAME</key>
				<string>LaunchImage</string>
				<key>DEVELOPMENT_TEAM</key>
				<string>E854VUQ68Z</string>
				<key>GCC_PREFIX_HEADER</key>
				<string>FFVideoClipMaster/FFVideoClipMasterPCH.h</string>
				<key>INFOPLIST_FILE</key>
				<string>FFVideoClipMaster/Info.plist</string>
				<key>IPHONEOS_DEPLOYMENT_TARGET</key>
				<string>8.4</string>
				<key>LD_RUNPATH_SEARCH_PATHS</key>
				<string>$(inherited) @executable_path/Frameworks</string>
				<key>PRODUCT_BUNDLE_IDENTIFIER</key>
				<string>FF.FFVideoClipMaster</string>
				<key>PRODUCT_NAME</key>
				<string>$(TARGET_NAME)</string>
			</dict>
			<key>isa</key>
			<string>XCBuildConfiguration</string>
			<key>name</key>
			<string>Debug</string>
		</dict>
		<key>504D0AF61DD8AADB001725AC</key>
		<dict>
			<key>baseConfigurationReference</key>
			<string>79BE4BAD6078AA6087AF3983</string>
			<key>buildSettings</key>
			<dict>
				<key>ASSETCATALOG_COMPILER_APPICON_NAME</key>
				<string>AppIcon</string>
				<key>ASSETCATALOG_COMPILER_LAUNCHIMAGE_NAME</key>
				<string>LaunchImage</string>
				<key>DEVELOPMENT_TEAM</key>
				<string>E854VUQ68Z</string>
				<key>GCC_PREFIX_HEADER</key>
				<string>FFVideoClipMaster/FFVideoClipMasterPCH.h</string>
				<key>INFOPLIST_FILE</key>
				<string>FFVideoClipMaster/Info.plist</string>
				<key>IPHONEOS_DEPLOYMENT_TARGET</key>
				<string>8.4</string>
				<key>LD_RUNPATH_SEARCH_PATHS</key>
				<string>$(inherited) @executable_path/Frameworks</string>
				<key>PRODUCT_BUNDLE_IDENTIFIER</key>
				<string>FF.FFVideoClipMaster</string>
				<key>PRODUCT_NAME</key>
				<string>$(TARGET_NAME)</string>
			</dict>
			<key>isa</key>
			<string>XCBuildConfiguration</string>
			<key>name</key>
			<string>Release</string>
		</dict>
		<key>504D0AF71DD8AADB001725AC</key>
		<dict>
			<key>buildConfigurations</key>
			<array>
				<string>504D0AF81DD8AADB001725AC</string>
				<string>504D0AF91DD8AADB001725AC</string>
			</array>
			<key>defaultConfigurationIsVisible</key>
			<string>0</string>
			<key>defaultConfigurationName</key>
			<string>Release</string>
			<key>isa</key>
			<string>XCConfigurationList</string>
		</dict>
		<key>504D0AF81DD8AADB001725AC</key>
		<dict>
			<key>buildSettings</key>
			<dict>
				<key>BUNDLE_LOADER</key>
				<string>$(TEST_HOST)</string>
				<key>INFOPLIST_FILE</key>
				<string>FFVideoClipMasterTests/Info.plist</string>
				<key>LD_RUNPATH_SEARCH_PATHS</key>
				<string>$(inherited) @executable_path/Frameworks @loader_path/Frameworks</string>
				<key>PRODUCT_BUNDLE_IDENTIFIER</key>
				<string>FF.FFVideoClipMasterTests</string>
				<key>PRODUCT_NAME</key>
				<string>$(TARGET_NAME)</string>
				<key>TEST_HOST</key>
				<string>$(BUILT_PRODUCTS_DIR)/FFVideoClipMaster.app/FFVideoClipMaster</string>
			</dict>
			<key>isa</key>
			<string>XCBuildConfiguration</string>
			<key>name</key>
			<string>Debug</string>
		</dict>
		<key>504D0AF91DD8AADB001725AC</key>
		<dict>
			<key>buildSettings</key>
			<dict>
				<key>BUNDLE_LOADER</key>
				<string>$(TEST_HOST)</string>
				<key>INFOPLIST_FILE</key>
				<string>FFVideoClipMasterTests/Info.plist</string>
				<key>LD_RUNPATH_SEARCH_PATHS</key>
				<string>$(inherited) @executable_path/Frameworks @loader_path/Frameworks</string>
				<key>PRODUCT_BUNDLE_IDENTIFIER</key>
				<string>FF.FFVideoClipMasterTests</string>
				<key>PRODUCT_NAME</key>
				<string>$(TARGET_NAME)</string>
				<key>TEST_HOST</key>
				<string>$(BUILT_PRODUCTS_DIR)/FFVideoClipMaster.app/FFVideoClipMaster</string>
			</dict>
			<key>isa</key>
			<string>XCBuildConfiguration</string>
			<key>name</key>
			<string>Release</string>
		</dict>
		<key>504D0AFA1DD8AADB001725AC</key>
		<dict>
			<key>buildConfigurations</key>
			<array>
				<string>504D0AFB1DD8AADB001725AC</string>
				<string>504D0AFC1DD8AADB001725AC</string>
			</array>
			<key>defaultConfigurationIsVisible</key>
			<string>0</string>
			<key>defaultConfigurationName</key>
			<string>Release</string>
			<key>isa</key>
			<string>XCConfigurationList</string>
		</dict>
		<key>504D0AFB1DD8AADB001725AC</key>
		<dict>
			<key>buildSettings</key>
			<dict>
				<key>INFOPLIST_FILE</key>
				<string>FFVideoClipMasterUITests/Info.plist</string>
				<key>LD_RUNPATH_SEARCH_PATHS</key>
				<string>$(inherited) @executable_path/Frameworks @loader_path/Frameworks</string>
				<key>PRODUCT_BUNDLE_IDENTIFIER</key>
				<string>FF.FFVideoClipMasterUITests</string>
				<key>PRODUCT_NAME</key>
				<string>$(TARGET_NAME)</string>
				<key>TEST_TARGET_NAME</key>
				<string>FFVideoClipMaster</string>
			</dict>
			<key>isa</key>
			<string>XCBuildConfiguration</string>
			<key>name</key>
			<string>Debug</string>
		</dict>
		<key>504D0AFC1DD8AADB001725AC</key>
		<dict>
			<key>buildSettings</key>
			<dict>
				<key>INFOPLIST_FILE</key>
				<string>FFVideoClipMasterUITests/Info.plist</string>
				<key>LD_RUNPATH_SEARCH_PATHS</key>
				<string>$(inherited) @executable_path/Frameworks @loader_path/Frameworks</string>
				<key>PRODUCT_BUNDLE_IDENTIFIER</key>
				<string>FF.FFVideoClipMasterUITests</string>
				<key>PRODUCT_NAME</key>
				<string>$(TARGET_NAME)</string>
				<key>TEST_TARGET_NAME</key>
				<string>FFVideoClipMaster</string>
			</dict>
			<key>isa</key>
			<string>XCBuildConfiguration</string>
			<key>name</key>
			<string>Release</string>
		</dict>
		<key>504D0AFD1DD8AB85001725AC</key>
		<dict>
			<key>children</key>
			<array>
				<string>504D0B001DD8ABF1001725AC</string>
				<string>504D0B011DD8ABF1001725AC</string>
				<string>504D0B021DD8ABF1001725AC</string>
				<string>504D0B031DD8ABF1001725AC</string>
			</array>
			<key>isa</key>
			<string>PBXGroup</string>
			<key>path</key>
			<string>Controller</string>
			<key>sourceTree</key>
			<string>&lt;group&gt;</string>
		</dict>
		<key>504D0AFE1DD8AB85001725AC</key>
		<dict>
			<key>children</key>
			<array>
				<string>5087048F1DD9ED11002F8BEA</string>
				<string>504D0B041DD8ABF8001725AC</string>
				<string>504D0B051DD8ABF8001725AC</string>
				<string>504D0B061DD8ABF8001725AC</string>
				<string>504D0B071DD8ABF8001725AC</string>
			</array>
			<key>isa</key>
			<string>PBXGroup</string>
			<key>path</key>
			<string>Model</string>
			<key>sourceTree</key>
			<string>&lt;group&gt;</string>
		</dict>
		<key>504D0AFF1DD8AB85001725AC</key>
		<dict>
			<key>children</key>
			<array>
				<string>508704801DD8B739002F8BEA</string>
				<string>504D0B081DD8ABFC001725AC</string>
				<string>504D0B091DD8ABFC001725AC</string>
				<string>504D0B0A1DD8ABFC001725AC</string>
				<string>504D0B0B1DD8ABFC001725AC</string>
			</array>
			<key>isa</key>
			<string>PBXGroup</string>
			<key>path</key>
			<string>View</string>
			<key>sourceTree</key>
			<string>&lt;group&gt;</string>
		</dict>
		<key>504D0B001DD8ABF1001725AC</key>
		<dict>
			<key>children</key>
			<array>
				<string>504D0B0D1DD8AC4C001725AC</string>
				<string>504D0B0E1DD8AC4C001725AC</string>
				<string>504D0B0F1DD8AC4C001725AC</string>
			</array>
			<key>isa</key>
			<string>PBXGroup</string>
			<key>path</key>
			<string>VideoChooseVC</string>
			<key>sourceTree</key>
			<string>&lt;group&gt;</string>
		</dict>
		<key>504D0B011DD8ABF1001725AC</key>
		<dict>
			<key>children</key>
			<array>
				<string>504D0B121DD8AC5F001725AC</string>
				<string>504D0B131DD8AC5F001725AC</string>
				<string>504D0B141DD8AC5F001725AC</string>
			</array>
			<key>isa</key>
			<string>PBXGroup</string>
			<key>path</key>
			<string>VideoClipVC</string>
			<key>sourceTree</key>
			<string>&lt;group&gt;</string>
		</dict>
		<key>504D0B021DD8ABF1001725AC</key>
		<dict>
			<key>children</key>
			<array>
				<string>504D0B171DD8AC7D001725AC</string>
				<string>504D0B181DD8AC7D001725AC</string>
				<string>504D0B191DD8AC7D001725AC</string>
			</array>
			<key>isa</key>
			<string>PBXGroup</string>
			<key>path</key>
			<string>VideoSaveVC</string>
			<key>sourceTree</key>
			<string>&lt;group&gt;</string>
		</dict>
		<key>504D0B031DD8ABF1001725AC</key>
		<dict>
			<key>children</key>
			<array>
				<string>504D0B1C1DD8AC97001725AC</string>
				<string>504D0B1D1DD8AC97001725AC</string>
				<string>504D0B1E1DD8AC97001725AC</string>
			</array>
			<key>isa</key>
			<string>PBXGroup</string>
			<key>path</key>
			<string>VideoSizeHandleVC</string>
			<key>sourceTree</key>
			<string>&lt;group&gt;</string>
		</dict>
		<key>504D0B041DD8ABF8001725AC</key>
		<dict>
			<key>children</key>
			<array/>
			<key>isa</key>
			<string>PBXGroup</string>
			<key>path</key>
			<string>VideoChooseVC</string>
			<key>sourceTree</key>
			<string>&lt;group&gt;</string>
		</dict>
		<key>504D0B051DD8ABF8001725AC</key>
		<dict>
			<key>children</key>
			<array/>
			<key>isa</key>
			<string>PBXGroup</string>
			<key>path</key>
			<string>VideoClipVC</string>
			<key>sourceTree</key>
			<string>&lt;group&gt;</string>
		</dict>
		<key>504D0B061DD8ABF8001725AC</key>
		<dict>
			<key>children</key>
			<array/>
			<key>isa</key>
			<string>PBXGroup</string>
			<key>path</key>
			<string>VideoSaveVC</string>
			<key>sourceTree</key>
			<string>&lt;group&gt;</string>
		</dict>
		<key>504D0B071DD8ABF8001725AC</key>
		<dict>
			<key>children</key>
			<array/>
			<key>isa</key>
			<string>PBXGroup</string>
			<key>path</key>
			<string>VideoSizeHandleVC</string>
			<key>sourceTree</key>
			<string>&lt;group&gt;</string>
		</dict>
		<key>504D0B081DD8ABFC001725AC</key>
		<dict>
			<key>children</key>
			<array>
				<string>508704BE1DD9F86D002F8BEA</string>
				<string>508704BF1DD9F86D002F8BEA</string>
			</array>
			<key>isa</key>
			<string>PBXGroup</string>
			<key>path</key>
			<string>VideoChooseVC</string>
			<key>sourceTree</key>
			<string>&lt;group&gt;</string>
		</dict>
		<key>504D0B091DD8ABFC001725AC</key>
		<dict>
			<key>children</key>
			<array/>
			<key>isa</key>
			<string>PBXGroup</string>
			<key>path</key>
			<string>VideoClipVC</string>
			<key>sourceTree</key>
			<string>&lt;group&gt;</string>
		</dict>
		<key>504D0B0A1DD8ABFC001725AC</key>
		<dict>
			<key>children</key>
			<array/>
			<key>isa</key>
			<string>PBXGroup</string>
			<key>path</key>
			<string>VideoSaveVC</string>
			<key>sourceTree</key>
			<string>&lt;group&gt;</string>
		</dict>
		<key>504D0B0B1DD8ABFC001725AC</key>
		<dict>
			<key>children</key>
			<array/>
			<key>isa</key>
			<string>PBXGroup</string>
			<key>path</key>
			<string>VideoSizeHandleVC</string>
			<key>sourceTree</key>
			<string>&lt;group&gt;</string>
		</dict>
		<key>504D0B0C1DD8AC12001725AC</key>
		<dict>
			<key>children</key>
			<array>
				<string>508704931DD9F1B6002F8BEA</string>
				<string>508704821DD8BA04002F8BEA</string>
				<string>5087047D1DD8B721002F8BEA</string>
				<string>5087047E1DD8B721002F8BEA</string>
			</array>
			<key>isa</key>
			<string>PBXGroup</string>
			<key>path</key>
			<string>Tool</string>
			<key>sourceTree</key>
			<string>&lt;group&gt;</string>
		</dict>
		<key>504D0B0D1DD8AC4C001725AC</key>
		<dict>
			<key>fileEncoding</key>
			<string>4</string>
			<key>isa</key>
			<string>PBXFileReference</string>
			<key>lastKnownFileType</key>
			<string>sourcecode.c.h</string>
			<key>path</key>
			<string>FFVideoChooseViewController.h</string>
			<key>sourceTree</key>
			<string>&lt;group&gt;</string>
		</dict>
		<key>504D0B0E1DD8AC4C001725AC</key>
		<dict>
			<key>fileEncoding</key>
			<string>4</string>
			<key>isa</key>
			<string>PBXFileReference</string>
			<key>lastKnownFileType</key>
			<string>sourcecode.c.objc</string>
			<key>path</key>
			<string>FFVideoChooseViewController.m</string>
			<key>sourceTree</key>
			<string>&lt;group&gt;</string>
		</dict>
		<key>504D0B0F1DD8AC4C001725AC</key>
		<dict>
			<key>fileEncoding</key>
			<string>4</string>
			<key>isa</key>
			<string>PBXFileReference</string>
			<key>lastKnownFileType</key>
			<string>file.xib</string>
			<key>path</key>
			<string>FFVideoChooseViewController.xib</string>
			<key>sourceTree</key>
			<string>&lt;group&gt;</string>
		</dict>
		<key>504D0B101DD8AC4C001725AC</key>
		<dict>
			<key>fileRef</key>
			<string>504D0B0E1DD8AC4C001725AC</string>
			<key>isa</key>
			<string>PBXBuildFile</string>
		</dict>
		<key>504D0B111DD8AC4C001725AC</key>
		<dict>
			<key>fileRef</key>
			<string>504D0B0F1DD8AC4C001725AC</string>
			<key>isa</key>
			<string>PBXBuildFile</string>
		</dict>
		<key>504D0B121DD8AC5F001725AC</key>
		<dict>
			<key>fileEncoding</key>
			<string>4</string>
			<key>isa</key>
			<string>PBXFileReference</string>
			<key>lastKnownFileType</key>
			<string>sourcecode.c.h</string>
			<key>path</key>
			<string>FFVideoClipViewController.h</string>
			<key>sourceTree</key>
			<string>&lt;group&gt;</string>
		</dict>
		<key>504D0B131DD8AC5F001725AC</key>
		<dict>
			<key>fileEncoding</key>
			<string>4</string>
			<key>isa</key>
			<string>PBXFileReference</string>
			<key>lastKnownFileType</key>
			<string>sourcecode.c.objc</string>
			<key>path</key>
			<string>FFVideoClipViewController.m</string>
			<key>sourceTree</key>
			<string>&lt;group&gt;</string>
		</dict>
		<key>504D0B141DD8AC5F001725AC</key>
		<dict>
			<key>fileEncoding</key>
			<string>4</string>
			<key>isa</key>
			<string>PBXFileReference</string>
			<key>lastKnownFileType</key>
			<string>file.xib</string>
			<key>path</key>
			<string>FFVideoClipViewController.xib</string>
			<key>sourceTree</key>
			<string>&lt;group&gt;</string>
		</dict>
		<key>504D0B151DD8AC5F001725AC</key>
		<dict>
			<key>fileRef</key>
			<string>504D0B131DD8AC5F001725AC</string>
			<key>isa</key>
			<string>PBXBuildFile</string>
		</dict>
		<key>504D0B161DD8AC5F001725AC</key>
		<dict>
			<key>fileRef</key>
			<string>504D0B141DD8AC5F001725AC</string>
			<key>isa</key>
			<string>PBXBuildFile</string>
		</dict>
		<key>504D0B171DD8AC7D001725AC</key>
		<dict>
			<key>fileEncoding</key>
			<string>4</string>
			<key>isa</key>
			<string>PBXFileReference</string>
			<key>lastKnownFileType</key>
			<string>sourcecode.c.h</string>
			<key>path</key>
			<string>FFVideoSaveViewController.h</string>
			<key>sourceTree</key>
			<string>&lt;group&gt;</string>
		</dict>
		<key>504D0B181DD8AC7D001725AC</key>
		<dict>
			<key>fileEncoding</key>
			<string>4</string>
			<key>isa</key>
			<string>PBXFileReference</string>
			<key>lastKnownFileType</key>
			<string>sourcecode.c.objc</string>
			<key>path</key>
			<string>FFVideoSaveViewController.m</string>
			<key>sourceTree</key>
			<string>&lt;group&gt;</string>
		</dict>
		<key>504D0B191DD8AC7D001725AC</key>
		<dict>
			<key>fileEncoding</key>
			<string>4</string>
			<key>isa</key>
			<string>PBXFileReference</string>
			<key>lastKnownFileType</key>
			<string>file.xib</string>
			<key>path</key>
			<string>FFVideoSaveViewController.xib</string>
			<key>sourceTree</key>
			<string>&lt;group&gt;</string>
		</dict>
		<key>504D0B1A1DD8AC7D001725AC</key>
		<dict>
			<key>fileRef</key>
			<string>504D0B181DD8AC7D001725AC</string>
			<key>isa</key>
			<string>PBXBuildFile</string>
		</dict>
		<key>504D0B1B1DD8AC7D001725AC</key>
		<dict>
			<key>fileRef</key>
			<string>504D0B191DD8AC7D001725AC</string>
			<key>isa</key>
			<string>PBXBuildFile</string>
		</dict>
		<key>504D0B1C1DD8AC97001725AC</key>
		<dict>
			<key>fileEncoding</key>
			<string>4</string>
			<key>isa</key>
			<string>PBXFileReference</string>
			<key>lastKnownFileType</key>
			<string>sourcecode.c.h</string>
			<key>path</key>
			<string>FFVideoSizeHandleViewController.h</string>
			<key>sourceTree</key>
			<string>&lt;group&gt;</string>
		</dict>
		<key>504D0B1D1DD8AC97001725AC</key>
		<dict>
			<key>fileEncoding</key>
			<string>4</string>
			<key>isa</key>
			<string>PBXFileReference</string>
			<key>lastKnownFileType</key>
			<string>sourcecode.c.objc</string>
			<key>path</key>
			<string>FFVideoSizeHandleViewController.m</string>
			<key>sourceTree</key>
			<string>&lt;group&gt;</string>
		</dict>
		<key>504D0B1E1DD8AC97001725AC</key>
		<dict>
			<key>fileEncoding</key>
			<string>4</string>
			<key>isa</key>
			<string>PBXFileReference</string>
			<key>lastKnownFileType</key>
			<string>file.xib</string>
			<key>path</key>
			<string>FFVideoSizeHandleViewController.xib</string>
			<key>sourceTree</key>
			<string>&lt;group&gt;</string>
		</dict>
		<key>504D0B1F1DD8AC97001725AC</key>
		<dict>
			<key>fileRef</key>
			<string>504D0B1D1DD8AC97001725AC</string>
			<key>isa</key>
			<string>PBXBuildFile</string>
		</dict>
		<key>504D0B201DD8AC97001725AC</key>
		<dict>
			<key>fileRef</key>
			<string>504D0B1E1DD8AC97001725AC</string>
			<key>isa</key>
			<string>PBXBuildFile</string>
		</dict>
		<key>5087047D1DD8B721002F8BEA</key>
		<dict>
			<key>fileEncoding</key>
			<string>4</string>
			<key>isa</key>
			<string>PBXFileReference</string>
			<key>lastKnownFileType</key>
			<string>sourcecode.c.h</string>
			<key>path</key>
			<string>FFNavItem.h</string>
			<key>sourceTree</key>
			<string>&lt;group&gt;</string>
		</dict>
		<key>5087047E1DD8B721002F8BEA</key>
		<dict>
			<key>fileEncoding</key>
			<string>4</string>
			<key>isa</key>
			<string>PBXFileReference</string>
			<key>lastKnownFileType</key>
			<string>sourcecode.c.objc</string>
			<key>path</key>
			<string>FFNavItem.m</string>
			<key>sourceTree</key>
			<string>&lt;group&gt;</string>
		</dict>
		<key>5087047F1DD8B721002F8BEA</key>
		<dict>
			<key>fileRef</key>
			<string>5087047E1DD8B721002F8BEA</string>
			<key>isa</key>
			<string>PBXBuildFile</string>
		</dict>
		<key>508704801DD8B739002F8BEA</key>
		<dict>
			<key>children</key>
			<array/>
			<key>isa</key>
			<string>PBXGroup</string>
			<key>path</key>
			<string>PlayerView</string>
			<key>sourceTree</key>
			<string>&lt;group&gt;</string>
		</dict>
		<key>508704811DD8B7EF002F8BEA</key>
		<dict>
			<key>isa</key>
			<string>PBXFileReference</string>
			<key>lastKnownFileType</key>
			<string>sourcecode.c.h</string>
			<key>path</key>
			<string>FFVideoClipMasterPCH.h</string>
			<key>sourceTree</key>
			<string>&lt;group&gt;</string>
		</dict>
		<key>508704821DD8BA04002F8BEA</key>
		<dict>
			<key>children</key>
			<array>
				<string>508704861DD9AC53002F8BEA</string>
				<string>508704871DD9AC53002F8BEA</string>
			</array>
			<key>isa</key>
			<string>PBXGroup</string>
			<key>path</key>
			<string>CateGory</string>
			<key>sourceTree</key>
			<string>&lt;group&gt;</string>
		</dict>
		<key>508704861DD9AC53002F8BEA</key>
		<dict>
			<key>fileEncoding</key>
			<string>4</string>
			<key>isa</key>
			<string>PBXFileReference</string>
			<key>lastKnownFileType</key>
			<string>sourcecode.c.h</string>
			<key>path</key>
			<string>UIColor+Category.h</string>
			<key>sourceTree</key>
			<string>&lt;group&gt;</string>
		</dict>
		<key>508704871DD9AC53002F8BEA</key>
		<dict>
			<key>fileEncoding</key>
			<string>4</string>
			<key>isa</key>
			<string>PBXFileReference</string>
			<key>lastKnownFileType</key>
			<string>sourcecode.c.objc</string>
			<key>path</key>
			<string>UIColor+Category.m</string>
			<key>sourceTree</key>
			<string>&lt;group&gt;</string>
		</dict>
		<key>508704881DD9AC53002F8BEA</key>
		<dict>
			<key>fileRef</key>
			<string>508704871DD9AC53002F8BEA</string>
			<key>isa</key>
			<string>PBXBuildFile</string>
		</dict>
		<key>5087048C1DD9EBFF002F8BEA</key>
		<dict>
			<key>children</key>
			<array>
				<string>5087048D1DD9EC00002F8BEA</string>
				<string>59C7CDDFE93716A60AC947B9</string>
			</array>
			<key>isa</key>
			<string>PBXGroup</string>
			<key>name</key>
			<string>Frameworks</string>
			<key>sourceTree</key>
			<string>&lt;group&gt;</string>
		</dict>
		<key>5087048D1DD9EC00002F8BEA</key>
		<dict>
			<key>isa</key>
			<string>PBXFileReference</string>
			<key>lastKnownFileType</key>
			<string>wrapper.framework</string>
			<key>name</key>
			<string>AssetsLibrary.framework</string>
			<key>path</key>
			<string>System/Library/Frameworks/AssetsLibrary.framework</string>
			<key>sourceTree</key>
			<string>SDKROOT</string>
		</dict>
		<key>5087048E1DD9EC00002F8BEA</key>
		<dict>
			<key>fileRef</key>
			<string>5087048D1DD9EC00002F8BEA</string>
			<key>isa</key>
			<string>PBXBuildFile</string>
		</dict>
		<key>5087048F1DD9ED11002F8BEA</key>
		<dict>
			<key>children</key>
			<array/>
			<key>isa</key>
			<string>PBXGroup</string>
			<key>path</key>
			<string>AssetModel</string>
			<key>sourceTree</key>
			<string>&lt;group&gt;</string>
		</dict>
		<key>508704931DD9F1B6002F8BEA</key>
		<dict>
			<key>children</key>
			<array>
				<string>508704BC1DD9F417002F8BEA</string>
				<string>508704941DD9F1B6002F8BEA</string>
				<string>5087049B1DD9F1B6002F8BEA</string>
				<string>5087049C1DD9F1B6002F8BEA</string>
				<string>508704A71DD9F1B6002F8BEA</string>
			</array>
			<key>isa</key>
			<string>PBXGroup</string>
			<key>path</key>
			<string>LSYAlbumPicker_OC</string>
			<key>sourceTree</key>
			<string>&lt;group&gt;</string>
		</dict>
		<key>508704941DD9F1B6002F8BEA</key>
		<dict>
			<key>children</key>
			<array>
				<string>508704951DD9F1B6002F8BEA</string>
				<string>508704961DD9F1B6002F8BEA</string>
				<string>508704971DD9F1B6002F8BEA</string>
				<string>508704981DD9F1B6002F8BEA</string>
				<string>508704991DD9F1B6002F8BEA</string>
				<string>5087049A1DD9F1B6002F8BEA</string>
			</array>
			<key>isa</key>
			<string>PBXGroup</string>
			<key>path</key>
			<string>BLL</string>
			<key>sourceTree</key>
			<string>&lt;group&gt;</string>
		</dict>
		<key>508704951DD9F1B6002F8BEA</key>
		<dict>
			<key>fileEncoding</key>
			<string>4</string>
			<key>isa</key>
			<string>PBXFileReference</string>
			<key>lastKnownFileType</key>
			<string>sourcecode.c.h</string>
			<key>path</key>
			<string>LSYAlbum.h</string>
			<key>sourceTree</key>
			<string>&lt;group&gt;</string>
		</dict>
		<key>508704961DD9F1B6002F8BEA</key>
		<dict>
			<key>fileEncoding</key>
			<string>4</string>
			<key>isa</key>
			<string>PBXFileReference</string>
			<key>lastKnownFileType</key>
			<string>sourcecode.c.objc</string>
			<key>path</key>
			<string>LSYAlbum.m</string>
			<key>sourceTree</key>
			<string>&lt;group&gt;</string>
		</dict>
		<key>508704971DD9F1B6002F8BEA</key>
		<dict>
			<key>fileEncoding</key>
			<string>4</string>
			<key>isa</key>
			<string>PBXFileReference</string>
			<key>lastKnownFileType</key>
			<string>sourcecode.c.h</string>
			<key>path</key>
			<string>LSYAlbumModel.h</string>
			<key>sourceTree</key>
			<string>&lt;group&gt;</string>
		</dict>
		<key>508704981DD9F1B6002F8BEA</key>
		<dict>
			<key>fileEncoding</key>
			<string>4</string>
			<key>isa</key>
			<string>PBXFileReference</string>
			<key>lastKnownFileType</key>
			<string>sourcecode.c.objc</string>
			<key>path</key>
			<string>LSYAlbumModel.m</string>
			<key>sourceTree</key>
			<string>&lt;group&gt;</string>
		</dict>
		<key>508704991DD9F1B6002F8BEA</key>
		<dict>
			<key>fileEncoding</key>
			<string>4</string>
			<key>isa</key>
			<string>PBXFileReference</string>
			<key>lastKnownFileType</key>
			<string>sourcecode.c.h</string>
			<key>path</key>
			<string>LSYDelegateDataSource.h</string>
			<key>sourceTree</key>
			<string>&lt;group&gt;</string>
		</dict>
		<key>5087049A1DD9F1B6002F8BEA</key>
		<dict>
			<key>fileEncoding</key>
			<string>4</string>
			<key>isa</key>
			<string>PBXFileReference</string>
			<key>lastKnownFileType</key>
			<string>sourcecode.c.objc</string>
			<key>path</key>
			<string>LSYDelegateDataSource.m</string>
			<key>sourceTree</key>
			<string>&lt;group&gt;</string>
		</dict>
		<key>5087049B1DD9F1B6002F8BEA</key>
		<dict>
			<key>fileEncoding</key>
			<string>4</string>
			<key>isa</key>
			<string>PBXFileReference</string>
			<key>lastKnownFileType</key>
			<string>sourcecode.c.h</string>
			<key>path</key>
			<string>LSYConfig.h</string>
			<key>sourceTree</key>
			<string>&lt;group&gt;</string>
		</dict>
		<key>5087049C1DD9F1B6002F8BEA</key>
		<dict>
			<key>children</key>
			<array>
				<string>5087049D1DD9F1B6002F8BEA</string>
				<string>5087049E1DD9F1B6002F8BEA</string>
				<string>5087049F1DD9F1B6002F8BEA</string>
				<string>508704A01DD9F1B6002F8BEA</string>
				<string>508704A11DD9F1B6002F8BEA</string>
				<string>508704A21DD9F1B6002F8BEA</string>
				<string>508704A31DD9F1B6002F8BEA</string>
				<string>508704A41DD9F1B6002F8BEA</string>
				<string>508704A51DD9F1B6002F8BEA</string>
				<string>508704A61DD9F1B6002F8BEA</string>
			</array>
			<key>isa</key>
			<string>PBXGroup</string>
			<key>path</key>
			<string>View</string>
			<key>sourceTree</key>
			<string>&lt;group&gt;</string>
		</dict>
		<key>5087049D1DD9F1B6002F8BEA</key>
		<dict>
			<key>fileEncoding</key>
			<string>4</string>
			<key>isa</key>
			<string>PBXFileReference</string>
			<key>lastKnownFileType</key>
			<string>sourcecode.c.h</string>
			<key>path</key>
			<string>LSYAlbumCatalogCell.h</string>
			<key>sourceTree</key>
			<string>&lt;group&gt;</string>
		</dict>
		<key>5087049E1DD9F1B6002F8BEA</key>
		<dict>
			<key>fileEncoding</key>
			<string>4</string>
			<key>isa</key>
			<string>PBXFileReference</string>
			<key>lastKnownFileType</key>
			<string>sourcecode.c.objc</string>
			<key>path</key>
			<string>LSYAlbumCatalogCell.m</string>
			<key>sourceTree</key>
			<string>&lt;group&gt;</string>
		</dict>
		<key>5087049F1DD9F1B6002F8BEA</key>
		<dict>
			<key>fileEncoding</key>
			<string>4</string>
			<key>isa</key>
			<string>PBXFileReference</string>
			<key>lastKnownFileType</key>
			<string>sourcecode.c.h</string>
			<key>path</key>
			<string>LSYAlbumCell.h</string>
			<key>sourceTree</key>
			<string>&lt;group&gt;</string>
		</dict>
		<key>508704A01DD9F1B6002F8BEA</key>
		<dict>
			<key>fileEncoding</key>
			<string>4</string>
			<key>isa</key>
			<string>PBXFileReference</string>
			<key>lastKnownFileType</key>
			<string>sourcecode.c.objc</string>
			<key>path</key>
			<string>LSYAlbumCell.m</string>
			<key>sourceTree</key>
			<string>&lt;group&gt;</string>
		</dict>
		<key>508704A11DD9F1B6002F8BEA</key>
		<dict>
			<key>fileEncoding</key>
			<string>4</string>
			<key>isa</key>
			<string>PBXFileReference</string>
			<key>lastKnownFileType</key>
			<string>sourcecode.c.h</string>
			<key>path</key>
			<string>LSYAssetPreviewItem.h</string>
			<key>sourceTree</key>
			<string>&lt;group&gt;</string>
		</dict>
		<key>508704A21DD9F1B6002F8BEA</key>
		<dict>
			<key>fileEncoding</key>
			<string>4</string>
			<key>isa</key>
			<string>PBXFileReference</string>
			<key>lastKnownFileType</key>
			<string>sourcecode.c.objc</string>
			<key>path</key>
			<string>LSYAssetPreviewItem.m</string>
			<key>sourceTree</key>
			<string>&lt;group&gt;</string>
		</dict>
		<key>508704A31DD9F1B6002F8BEA</key>
		<dict>
			<key>fileEncoding</key>
			<string>4</string>
			<key>isa</key>
			<string>PBXFileReference</string>
			<key>lastKnownFileType</key>
			<string>sourcecode.c.h</string>
			<key>path</key>
			<string>LSYAssetPreviewView.h</string>
			<key>sourceTree</key>
			<string>&lt;group&gt;</string>
		</dict>
		<key>508704A41DD9F1B6002F8BEA</key>
		<dict>
			<key>fileEncoding</key>
			<string>4</string>
			<key>isa</key>
			<string>PBXFileReference</string>
			<key>lastKnownFileType</key>
			<string>sourcecode.c.objc</string>
			<key>path</key>
			<string>LSYAssetPreviewView.m</string>
			<key>sourceTree</key>
			<string>&lt;group&gt;</string>
		</dict>
		<key>508704A51DD9F1B6002F8BEA</key>
		<dict>
			<key>fileEncoding</key>
			<string>4</string>
			<key>isa</key>
			<string>PBXFileReference</string>
			<key>lastKnownFileType</key>
			<string>sourcecode.c.h</string>
			<key>path</key>
			<string>LSYPickerButtomView.h</string>
			<key>sourceTree</key>
			<string>&lt;group&gt;</string>
		</dict>
		<key>508704A61DD9F1B6002F8BEA</key>
		<dict>
			<key>fileEncoding</key>
			<string>4</string>
			<key>isa</key>
			<string>PBXFileReference</string>
			<key>lastKnownFileType</key>
			<string>sourcecode.c.objc</string>
			<key>path</key>
			<string>LSYPickerButtomView.m</string>
			<key>sourceTree</key>
			<string>&lt;group&gt;</string>
		</dict>
		<key>508704A71DD9F1B6002F8BEA</key>
		<dict>
			<key>children</key>
			<array>
				<string>508704A81DD9F1B6002F8BEA</string>
				<string>508704A91DD9F1B6002F8BEA</string>
				<string>508704AA1DD9F1B6002F8BEA</string>
				<string>508704AB1DD9F1B6002F8BEA</string>
				<string>508704AC1DD9F1B6002F8BEA</string>
				<string>508704AD1DD9F1B6002F8BEA</string>
				<string>508704AE1DD9F1B6002F8BEA</string>
				<string>508704AF1DD9F1B6002F8BEA</string>
			</array>
			<key>isa</key>
			<string>PBXGroup</string>
			<key>path</key>
			<string>ViewController</string>
			<key>sourceTree</key>
			<string>&lt;group&gt;</string>
		</dict>
		<key>508704A81DD9F1B6002F8BEA</key>
		<dict>
			<key>fileEncoding</key>
			<string>4</string>
			<key>isa</key>
			<string>PBXFileReference</string>
			<key>lastKnownFileType</key>
			<string>sourcecode.c.h</string>
			<key>path</key>
			<string>LSYAlbumCatalog.h</string>
			<key>sourceTree</key>
			<string>&lt;group&gt;</string>
		</dict>
		<key>508704A91DD9F1B6002F8BEA</key>
		<dict>
			<key>fileEncoding</key>
			<string>4</string>
			<key>isa</key>
			<string>PBXFileReference</string>
			<key>lastKnownFileType</key>
			<string>sourcecode.c.objc</string>
			<key>path</key>
			<string>LSYAlbumCatalog.m</string>
			<key>sourceTree</key>
			<string>&lt;group&gt;</string>
		</dict>
		<key>508704AA1DD9F1B6002F8BEA</key>
		<dict>
			<key>fileEncoding</key>
			<string>4</string>
			<key>isa</key>
			<string>PBXFileReference</string>
			<key>lastKnownFileType</key>
			<string>sourcecode.c.h</string>
			<key>path</key>
			<string>LSYAlbumPicker.h</string>
			<key>sourceTree</key>
			<string>&lt;group&gt;</string>
		</dict>
		<key>508704AB1DD9F1B6002F8BEA</key>
		<dict>
			<key>fileEncoding</key>
			<string>4</string>
			<key>isa</key>
			<string>PBXFileReference</string>
			<key>lastKnownFileType</key>
			<string>sourcecode.c.objc</string>
			<key>path</key>
			<string>LSYAlbumPicker.m</string>
			<key>sourceTree</key>
			<string>&lt;group&gt;</string>
		</dict>
		<key>508704AC1DD9F1B6002F8BEA</key>
		<dict>
			<key>fileEncoding</key>
			<string>4</string>
			<key>isa</key>
			<string>PBXFileReference</string>
			<key>lastKnownFileType</key>
			<string>sourcecode.c.h</string>
			<key>path</key>
			<string>LSYAssetPreview.h</string>
			<key>sourceTree</key>
			<string>&lt;group&gt;</string>
		</dict>
		<key>508704AD1DD9F1B6002F8BEA</key>
		<dict>
			<key>fileEncoding</key>
			<string>4</string>
			<key>isa</key>
			<string>PBXFileReference</string>
			<key>lastKnownFileType</key>
			<string>sourcecode.c.objc</string>
			<key>path</key>
			<string>LSYAssetPreview.m</string>
			<key>sourceTree</key>
			<string>&lt;group&gt;</string>
		</dict>
		<key>508704AE1DD9F1B6002F8BEA</key>
		<dict>
			<key>fileEncoding</key>
			<string>4</string>
			<key>isa</key>
			<string>PBXFileReference</string>
			<key>lastKnownFileType</key>
			<string>sourcecode.c.h</string>
			<key>path</key>
			<string>LSYNavigationController.h</string>
			<key>sourceTree</key>
			<string>&lt;group&gt;</string>
		</dict>
		<key>508704AF1DD9F1B6002F8BEA</key>
		<dict>
			<key>fileEncoding</key>
			<string>4</string>
			<key>isa</key>
			<string>PBXFileReference</string>
			<key>lastKnownFileType</key>
			<string>sourcecode.c.objc</string>
			<key>path</key>
			<string>LSYNavigationController.m</string>
			<key>sourceTree</key>
			<string>&lt;group&gt;</string>
		</dict>
		<key>508704B01DD9F1B6002F8BEA</key>
		<dict>
			<key>fileRef</key>
			<string>508704961DD9F1B6002F8BEA</string>
			<key>isa</key>
			<string>PBXBuildFile</string>
		</dict>
		<key>508704B11DD9F1B6002F8BEA</key>
		<dict>
			<key>fileRef</key>
			<string>508704981DD9F1B6002F8BEA</string>
			<key>isa</key>
			<string>PBXBuildFile</string>
		</dict>
		<key>508704B21DD9F1B6002F8BEA</key>
		<dict>
			<key>fileRef</key>
			<string>5087049A1DD9F1B6002F8BEA</string>
			<key>isa</key>
			<string>PBXBuildFile</string>
		</dict>
		<key>508704B31DD9F1B6002F8BEA</key>
		<dict>
			<key>fileRef</key>
			<string>5087049E1DD9F1B6002F8BEA</string>
			<key>isa</key>
			<string>PBXBuildFile</string>
		</dict>
		<key>508704B41DD9F1B6002F8BEA</key>
		<dict>
			<key>fileRef</key>
			<string>508704A01DD9F1B6002F8BEA</string>
			<key>isa</key>
			<string>PBXBuildFile</string>
		</dict>
		<key>508704B51DD9F1B6002F8BEA</key>
		<dict>
			<key>fileRef</key>
			<string>508704A21DD9F1B6002F8BEA</string>
			<key>isa</key>
			<string>PBXBuildFile</string>
		</dict>
		<key>508704B61DD9F1B6002F8BEA</key>
		<dict>
			<key>fileRef</key>
			<string>508704A41DD9F1B6002F8BEA</string>
			<key>isa</key>
			<string>PBXBuildFile</string>
		</dict>
		<key>508704B71DD9F1B6002F8BEA</key>
		<dict>
			<key>fileRef</key>
			<string>508704A61DD9F1B6002F8BEA</string>
			<key>isa</key>
			<string>PBXBuildFile</string>
		</dict>
		<key>508704B81DD9F1B6002F8BEA</key>
		<dict>
			<key>fileRef</key>
			<string>508704A91DD9F1B6002F8BEA</string>
			<key>isa</key>
			<string>PBXBuildFile</string>
		</dict>
		<key>508704B91DD9F1B6002F8BEA</key>
		<dict>
			<key>fileRef</key>
			<string>508704AB1DD9F1B6002F8BEA</string>
			<key>isa</key>
			<string>PBXBuildFile</string>
		</dict>
		<key>508704BA1DD9F1B6002F8BEA</key>
		<dict>
			<key>fileRef</key>
			<string>508704AD1DD9F1B6002F8BEA</string>
			<key>isa</key>
			<string>PBXBuildFile</string>
		</dict>
		<key>508704BB1DD9F1B6002F8BEA</key>
		<dict>
			<key>fileRef</key>
			<string>508704AF1DD9F1B6002F8BEA</string>
			<key>isa</key>
			<string>PBXBuildFile</string>
		</dict>
		<key>508704BC1DD9F417002F8BEA</key>
		<dict>
			<key>isa</key>
			<string>PBXFileReference</string>
			<key>lastKnownFileType</key>
			<string>wrapper.plug-in</string>
			<key>path</key>
			<string>AlbumPicker.bundle</string>
			<key>sourceTree</key>
			<string>&lt;group&gt;</string>
		</dict>
		<key>508704BD1DD9F417002F8BEA</key>
		<dict>
			<key>fileRef</key>
			<string>508704BC1DD9F417002F8BEA</string>
			<key>isa</key>
			<string>PBXBuildFile</string>
		</dict>
		<key>508704BE1DD9F86D002F8BEA</key>
		<dict>
			<key>fileEncoding</key>
			<string>4</string>
			<key>isa</key>
			<string>PBXFileReference</string>
			<key>lastKnownFileType</key>
			<string>sourcecode.c.h</string>
			<key>path</key>
			<string>FFRootView.h</string>
			<key>sourceTree</key>
			<string>&lt;group&gt;</string>
		</dict>
		<key>508704BF1DD9F86D002F8BEA</key>
		<dict>
			<key>fileEncoding</key>
			<string>4</string>
			<key>isa</key>
			<string>PBXFileReference</string>
			<key>lastKnownFileType</key>
			<string>sourcecode.c.objc</string>
			<key>path</key>
			<string>FFRootView.m</string>
			<key>sourceTree</key>
			<string>&lt;group&gt;</string>
		</dict>
		<key>508704C01DD9F86D002F8BEA</key>
		<dict>
			<key>fileRef</key>
			<string>508704BF1DD9F86D002F8BEA</string>
			<key>isa</key>
			<string>PBXBuildFile</string>
		</dict>
		<key>59C7CDDFE93716A60AC947B9</key>
		<dict>
			<key>explicitFileType</key>
			<string>archive.ar</string>
			<key>includeInIndex</key>
			<string>0</string>
			<key>isa</key>
			<string>PBXFileReference</string>
			<key>path</key>
			<string>libPods-FFVideoClipMaster.a</string>
			<key>sourceTree</key>
			<string>BUILT_PRODUCTS_DIR</string>
		</dict>
		<key>79BE4BAD6078AA6087AF3983</key>
		<dict>
			<key>includeInIndex</key>
			<string>1</string>
			<key>isa</key>
			<string>PBXFileReference</string>
			<key>lastKnownFileType</key>
			<string>text.xcconfig</string>
			<key>name</key>
			<string>Pods-FFVideoClipMaster.release.xcconfig</string>
			<key>path</key>
			<string>Pods/Target Support Files/Pods-FFVideoClipMaster/Pods-FFVideoClipMaster.release.xcconfig</string>
			<key>sourceTree</key>
			<string>&lt;group&gt;</string>
		</dict>
		<key>922799095E86264DC3280DD5</key>
		<dict>
			<key>fileRef</key>
			<string>59C7CDDFE93716A60AC947B9</string>
			<key>isa</key>
			<string>PBXBuildFile</string>
		</dict>
		<key>A43FF3DCC06705393AA6C79D</key>
		<dict>
			<key>buildActionMask</key>
			<string>2147483647</string>
			<key>files</key>
			<array/>
			<key>inputPaths</key>
			<array/>
			<key>isa</key>
			<string>PBXShellScriptBuildPhase</string>
			<key>name</key>
			<string>[CP] Check Pods Manifest.lock</string>
			<key>outputPaths</key>
			<array/>
			<key>runOnlyForDeploymentPostprocessing</key>
			<string>0</string>
			<key>shellPath</key>
			<string>/bin/sh</string>
			<key>shellScript</key>
			<string>diff "${PODS_ROOT}/../Podfile.lock" "${PODS_ROOT}/Manifest.lock" &gt; /dev/null
if [[ $? != 0 ]] ; then
    cat &lt;&lt; EOM
error: The sandbox is not in sync with the Podfile.lock. Run 'pod install' or update your CocoaPods installation.
EOM
    exit 1
fi
</string>
			<key>showEnvVarsInLog</key>
			<string>0</string>
		</dict>
		<key>B5DAA6CE041EDAC1CAC34A5E</key>
		<dict>
			<key>includeInIndex</key>
			<string>1</string>
			<key>isa</key>
			<string>PBXFileReference</string>
			<key>lastKnownFileType</key>
			<string>text.xcconfig</string>
			<key>name</key>
			<string>Pods-FFVideoClipMaster.debug.xcconfig</string>
			<key>path</key>
			<string>Pods/Target Support Files/Pods-FFVideoClipMaster/Pods-FFVideoClipMaster.debug.xcconfig</string>
			<key>sourceTree</key>
			<string>&lt;group&gt;</string>
		</dict>
		<key>D31322E21EC8659F215286A2</key>
		<dict>
			<key>buildActionMask</key>
			<string>2147483647</string>
			<key>files</key>
			<array/>
			<key>inputPaths</key>
			<array/>
			<key>isa</key>
			<string>PBXShellScriptBuildPhase</string>
			<key>name</key>
			<string>[CP] Copy Pods Resources</string>
			<key>outputPaths</key>
			<array/>
			<key>runOnlyForDeploymentPostprocessing</key>
			<string>0</string>
			<key>shellPath</key>
			<string>/bin/sh</string>
			<key>shellScript</key>
			<string>"${SRCROOT}/Pods/Target Support Files/Pods-FFVideoClipMaster/Pods-FFVideoClipMaster-resources.sh"
</string>
			<key>showEnvVarsInLog</key>
			<string>0</string>
		</dict>
		<key>E6B208CF5A114F9572598E2E</key>
		<dict>
			<key>children</key>
			<array>
				<string>B5DAA6CE041EDAC1CAC34A5E</string>
				<string>79BE4BAD6078AA6087AF3983</string>
			</array>
			<key>isa</key>
			<string>PBXGroup</string>
			<key>name</key>
			<string>Pods</string>
			<key>sourceTree</key>
			<string>&lt;group&gt;</string>
		</dict>
	</dict>
	<key>rootObject</key>
	<string>504D0ABF1DD8AADB001725AC</string>
</dict>
</plist>
